
Microsoft Visual Studio Solution File, Format Version 12.00
# Visual Studio Version 17
VisualStudioVersion = 17.2.32630.192
MinimumVisualStudioVersion = 10.0.40219.1
Project("{9A19103F-16F7-4668-BE54-9A1E7A4F7556}") = "R5T.F0024", "R5T.F0024\R5T.F0024.csproj", "{081E5A56-66D6-4DA2-8A2B-FA96F63063B6}"
EndProject
Project("{2150E333-8FDC-42A3-9474-1A3956D46DE8}") = "_Dependencies", "_Dependencies", "{9427B931-702E-4EF5-B3ED-9FD6679DBCA4}"
EndProject
Project("{9A19103F-16F7-4668-BE54-9A1E7A4F7556}") = "R5T.F0024.T001", "R5T.F0024.T001\R5T.F0024.T001.csproj", "{5CF42462-EFD5-47A9-9AFA-69A290DAB166}"
EndProject
Project("{9A19103F-16F7-4668-BE54-9A1E7A4F7556}") = "R5T.T0131", "..\..\R5T.T0131\source\R5T.T0131\R5T.T0131.csproj", "{AA822AE3-F7A1-419C-BC92-43F2DC225D05}"
EndProject
Project("{9A19103F-16F7-4668-BE54-9A1E7A4F7556}") = "R5T.T0132", "..\..\R5T.T0132\source\R5T.T0132\R5T.T0132.csproj", "{4B53B548-69B5-497F-A763-C7897EDEBC42}"
EndProject
Project("{9A19103F-16F7-4668-BE54-9A1E7A4F7556}") = "R5T.T0142", "..\..\R5T.T0142\source\R5T.T0142\R5T.T0142.csproj", "{B418A859-BFCF-4727-B745-876AA76FAC9E}"
EndProject
Project("{9A19103F-16F7-4668-BE54-9A1E7A4F7556}") = "R5T.T0143", "..\..\R5T.T0143\source\R5T.T0143\R5T.T0143.csproj", "{C904944C-28A6-4B6A-A149-BBDF0085BDE1}"
EndProject
Project("{9A19103F-16F7-4668-BE54-9A1E7A4F7556}") = "R5T.T0156", "..\..\R5T.T0156\source\R5T.T0156\R5T.T0156.csproj", "{396369E1-9AD4-474A-BC4A-0E5444FE258A}"
EndProject
Project("{9A19103F-16F7-4668-BE54-9A1E7A4F7556}") = "R5T.Z0009", "..\..\R5T.Z0009\source\R5T.Z0009\R5T.Z0009.csproj", "{FFFDE839-8696-4920-BEC4-79DAF5C494F0}"
EndProject
Project("{9A19103F-16F7-4668-BE54-9A1E7A4F7556}") = "R5T.L0066", "..\..\R5T.L0066\source\R5T.L0066\R5T.L0066.csproj", "{43AFFD01-382E-49DC-B019-DE041A56A040}"
EndProject
Project("{9A19103F-16F7-4668-BE54-9A1E7A4F7556}") = "R5T.T0221", "..\..\R5T.T0221\source\R5T.T0221\R5T.T0221.csproj", "{188ADC44-70C7-4539-8E3B-1905A35F3CA4}"
EndProject
Project("{9A19103F-16F7-4668-BE54-9A1E7A4F7556}") = "R5T.Y0006", "..\..\R5T.Y0006\source\R5T.Y0006\R5T.Y0006.csproj", "{A1E59D9E-55E3-4A29-A72C-DD671F0A1D35}"
EndProject
Project("{9A19103F-16F7-4668-BE54-9A1E7A4F7556}") = "R5T.F0024.F001", "R5T.F0024.F001\R5T.F0024.F001.csproj", "{3080AB06-97C0-4E7D-BB82-E4DD8444FD32}"
EndProject
Project("{9A19103F-16F7-4668-BE54-9A1E7A4F7556}") = "R5T.F0000", "..\..\R5T.F0000\source\R5T.F0000\R5T.F0000.csproj", "{E5D5F132-CF4C-4D1F-9E44-B1E1F83DF8DE}"
EndProject
Project("{9A19103F-16F7-4668-BE54-9A1E7A4F7556}") = "R5T.F0002", "..\..\R5T.F0002\source\R5T.F0002\R5T.F0002.csproj", "{DC6B9131-E8FD-421F-B49F-AC9E0CD6AE0C}"
EndProject
Project("{9A19103F-16F7-4668-BE54-9A1E7A4F7556}") = "R5T.F0059", "..\..\R5T.F0059\source\R5T.F0059\R5T.F0059.csproj", "{F4B154E8-5306-43E6-95E7-DE46044D285B}"
EndProject
Project("{9A19103F-16F7-4668-BE54-9A1E7A4F7556}") = "R5T.F0120", "..\..\R5T.F0120\source\R5T.F0120\R5T.F0120.csproj", "{2034B78A-F6A1-4B1A-9A1E-55E49D727EF2}"
EndProject
Project("{9A19103F-16F7-4668-BE54-9A1E7A4F7556}") = "R5T.F0124", "..\..\R5T.F0124\source\R5T.F0124\R5T.F0124.csproj", "{9F53C6C9-6EAC-4603-973D-0F219EABE395}"
EndProject
Project("{9A19103F-16F7-4668-BE54-9A1E7A4F7556}") = "R5T.F0125", "..\..\R5T.F0125\source\R5T.F0125\R5T.F0125.csproj", "{F980F2F4-123C-461D-9815-D4E407422519}"
EndProject
Project("{9A19103F-16F7-4668-BE54-9A1E7A4F7556}") = "R5T.L0030.T000", "..\..\R5T.L0030\source\R5T.L0030.T000\R5T.L0030.T000.csproj", "{094EA028-D715-4780-AC54-87B176D238C0}"
EndProject
Project("{9A19103F-16F7-4668-BE54-9A1E7A4F7556}") = "R5T.L0030", "..\..\R5T.L0030\source\R5T.L0030\R5T.L0030.csproj", "{8D3071AF-22D1-4E0E-93CD-80F3B22FC3A1}"
EndProject
Project("{9A19103F-16F7-4668-BE54-9A1E7A4F7556}") = "R5T.L0034", "..\..\R5T.L0034\source\R5T.L0034\R5T.L0034.csproj", "{B5F1B494-854E-4A71-8E52-216796714111}"
EndProject
Project("{9A19103F-16F7-4668-BE54-9A1E7A4F7556}") = "R5T.L0035", "..\..\R5T.L0035\source\R5T.L0035\R5T.L0035.csproj", "{37FCE886-4910-4D52-A04A-26825156C569}"
EndProject
Project("{9A19103F-16F7-4668-BE54-9A1E7A4F7556}") = "R5T.L0053", "..\..\R5T.L0053\source\R5T.L0053\R5T.L0053.csproj", "{456B0614-07C3-42ED-AEEA-F4B821332EC3}"
EndProject
Project("{9A19103F-16F7-4668-BE54-9A1E7A4F7556}") = "R5T.L0056", "..\..\R5T.L0056\source\R5T.L0056\R5T.L0056.csproj", "{BDBEB2A3-A9E4-467A-8B55-256A3D6755C2}"
EndProject
Project("{9A19103F-16F7-4668-BE54-9A1E7A4F7556}") = "R5T.L0071", "..\..\R5T.L0071\source\R5T.L0071\R5T.L0071.csproj", "{F88D8758-FD85-4321-A147-80B557F4BE29}"
EndProject
Project("{9A19103F-16F7-4668-BE54-9A1E7A4F7556}") = "R5T.L0074", "..\..\R5T.L0074\source\R5T.L0074\R5T.L0074.csproj", "{D5D2EE44-1807-4641-BCB6-95C7E466B283}"
EndProject
Project("{9A19103F-16F7-4668-BE54-9A1E7A4F7556}") = "R5T.NG0006", "..\..\R5T.NG0006\source\R5T.NG0006\R5T.NG0006.csproj", "{735D4257-4EB0-409A-8DBF-07A70F8D12AF}"
EndProject
Project("{9A19103F-16F7-4668-BE54-9A1E7A4F7556}") = "R5T.NG0022", "..\..\R5T.NG0022\source\R5T.NG0022\R5T.NG0022.csproj", "{7B0BC657-FF0A-451D-BA4E-FC447BF2028D}"
EndProject
Project("{9A19103F-16F7-4668-BE54-9A1E7A4F7556}") = "R5T.T0150", "..\..\R5T.T0150\source\R5T.T0150\R5T.T0150.csproj", "{DE60B975-BE0C-4069-815E-E377A83FF828}"
EndProject
Project("{9A19103F-16F7-4668-BE54-9A1E7A4F7556}") = "R5T.T0151", "..\..\R5T.T0151\source\R5T.T0151\R5T.T0151.csproj", "{D4129973-1EAF-4D50-B67B-BD948A1EF989}"
EndProject
Project("{9A19103F-16F7-4668-BE54-9A1E7A4F7556}") = "R5T.T0158", "..\..\R5T.T0158\source\R5T.T0158\R5T.T0158.csproj", "{8DA5426D-B860-4E1E-88F5-528BD02E0C02}"
EndProject
Project("{9A19103F-16F7-4668-BE54-9A1E7A4F7556}") = "R5T.T0159", "..\..\R5T.T0159\source\R5T.T0159\R5T.T0159.csproj", "{79493F84-17E9-4846-A17E-BBD194A104BA}"
EndProject
Project("{9A19103F-16F7-4668-BE54-9A1E7A4F7556}") = "R5T.T0172", "..\..\R5T.T0172\source\R5T.T0172\R5T.T0172.csproj", "{EEB3B5DA-8298-4D6F-878A-1A66652B9E06}"
EndProject
Project("{9A19103F-16F7-4668-BE54-9A1E7A4F7556}") = "R5T.T0174", "..\..\R5T.T0174\source\R5T.T0174\R5T.T0174.csproj", "{EC7F00C4-D259-4CEC-A44C-60392254AE76}"
EndProject
Project("{9A19103F-16F7-4668-BE54-9A1E7A4F7556}") = "R5T.T0176", "..\..\R5T.T0176\source\R5T.T0176\R5T.T0176.csproj", "{13DD713F-F8DA-459F-A7C5-8913B711DFF0}"
EndProject
Project("{9A19103F-16F7-4668-BE54-9A1E7A4F7556}") = "R5T.T0177", "..\..\R5T.T0177\source\R5T.T0177\R5T.T0177.csproj", "{232CBEB7-34C0-47C6-9544-443E1BD8F63C}"
EndProject
Project("{9A19103F-16F7-4668-BE54-9A1E7A4F7556}") = "R5T.T0178", "..\..\R5T.T0178\source\R5T.T0178\R5T.T0178.csproj", "{FDE3D155-A088-4809-B9E5-4D2AC5E85E0E}"
EndProject
Project("{9A19103F-16F7-4668-BE54-9A1E7A4F7556}") = "R5T.T0179", "..\..\R5T.T0179\source\R5T.T0179\R5T.T0179.csproj", "{18DE90B8-4E4C-4801-8B53-550C3088212C}"
EndProject
Project("{9A19103F-16F7-4668-BE54-9A1E7A4F7556}") = "R5T.T0180", "..\..\R5T.T0180\source\R5T.T0180\R5T.T0180.csproj", "{26ED766D-1B5B-4CD1-96EA-AA49A0C16589}"
EndProject
Project("{9A19103F-16F7-4668-BE54-9A1E7A4F7556}") = "R5T.T0181", "..\..\R5T.T0181\source\R5T.T0181\R5T.T0181.csproj", "{8DC359A9-97A6-464A-9020-1BA715384BDF}"
EndProject
Project("{9A19103F-16F7-4668-BE54-9A1E7A4F7556}") = "R5T.T0185", "..\..\R5T.T0185\source\R5T.T0185\R5T.T0185.csproj", "{5FA3EFF5-036E-4ED7-B8A4-80BEE46361E9}"
EndProject
Project("{9A19103F-16F7-4668-BE54-9A1E7A4F7556}") = "R5T.T0199.T000", "..\..\R5T.T0199\source\R5T.T0199.T000\R5T.T0199.T000.csproj", "{3CC9DC57-5F8A-478A-9EE1-C4E037D16557}"
EndProject
Project("{9A19103F-16F7-4668-BE54-9A1E7A4F7556}") = "R5T.T0199.T001", "..\..\R5T.T0199\source\R5T.T0199.T001\R5T.T0199.T001.csproj", "{39C7CCC2-C7E8-46EE-BD27-69656002614E}"
EndProject
Project("{9A19103F-16F7-4668-BE54-9A1E7A4F7556}") = "R5T.T0199", "..\..\R5T.T0199\source\R5T.T0199\R5T.T0199.csproj", "{8037078D-817C-4B9E-BAC7-10E1C8B5B171}"
EndProject
Project("{9A19103F-16F7-4668-BE54-9A1E7A4F7556}") = "R5T.T0203", "..\..\R5T.T0203\source\R5T.T0203\R5T.T0203.csproj", "{B568BEE8-0844-4064-9916-89B8B048434C}"
EndProject
Project("{9A19103F-16F7-4668-BE54-9A1E7A4F7556}") = "R5T.T0213", "..\..\R5T.T0213\source\R5T.T0213\R5T.T0213.csproj", "{C38ADFD1-E2FB-47D0-850F-4024D60B9D13}"
EndProject
Project("{9A19103F-16F7-4668-BE54-9A1E7A4F7556}") = "R5T.T0218", "..\..\R5T.T0218\source\R5T.T0218\R5T.T0218.csproj", "{0ACBD3E2-C28F-42FD-BFB7-7E689DD2F794}"
EndProject
Project("{9A19103F-16F7-4668-BE54-9A1E7A4F7556}") = "R5T.T0219", "..\..\R5T.T0219\source\R5T.T0219\R5T.T0219.csproj", "{A910B7C2-749A-458C-93AE-B3B909524D31}"
EndProject
Project("{9A19103F-16F7-4668-BE54-9A1E7A4F7556}") = "R5T.T0220", "..\..\R5T.T0220\source\R5T.T0220\R5T.T0220.csproj", "{FB1CD7E9-3DC2-4C82-A92E-4C98A57636DB}"
EndProject
Project("{9A19103F-16F7-4668-BE54-9A1E7A4F7556}") = "R5T.T0227", "..\..\R5T.T0227\source\R5T.T0227\R5T.T0227.csproj", "{63BCE739-A2A4-462C-83F1-9A1C8477ADDB}"
EndProject
Project("{9A19103F-16F7-4668-BE54-9A1E7A4F7556}") = "R5T.Y0000", "..\..\R5T.Y0000\source\R5T.Y0000\R5T.Y0000.csproj", "{046A3F42-12EB-4F6A-94BD-7BDB8A812DD2}"
EndProject
Project("{9A19103F-16F7-4668-BE54-9A1E7A4F7556}") = "R5T.Z0000", "..\..\R5T.Z0000\source\R5T.Z0000\R5T.Z0000.csproj", "{1213E441-9589-4882-8A41-4217F3F6D92D}"
EndProject
Project("{9A19103F-16F7-4668-BE54-9A1E7A4F7556}") = "R5T.Z0010.Platform", "..\..\R5T.Z0010\source\R5T.Z0010.Platform\R5T.Z0010.Platform.csproj", "{2B1067C2-20C1-47EF-8FCE-DC3C27EA1C89}"
EndProject
Project("{9A19103F-16F7-4668-BE54-9A1E7A4F7556}") = "R5T.Z0010", "..\..\R5T.Z0010\source\R5T.Z0010\R5T.Z0010.csproj", "{4AA1A111-4CE4-4EED-9F17-339C800A46AC}"
EndProject
Project("{9A19103F-16F7-4668-BE54-9A1E7A4F7556}") = "R5T.Z0057.Platform", "..\..\R5T.Z0057\source\R5T.Z0057.Platform\R5T.Z0057.Platform.csproj", "{6E5F0BBB-9096-4895-AD34-A9B88618ACCA}"
EndProject
Project("{9A19103F-16F7-4668-BE54-9A1E7A4F7556}") = "R5T.Z0057", "..\..\R5T.Z0057\source\R5T.Z0057\R5T.Z0057.csproj", "{53CCC339-3033-469E-BCD5-72C31D730DE5}"
EndProject
Project("{9A19103F-16F7-4668-BE54-9A1E7A4F7556}") = "R5T.Z0058", "..\..\R5T.Z0058\source\R5T.Z0058\R5T.Z0058.csproj", "{2B742ADF-6EB1-40C6-874B-BC64BED6EDDC}"
EndProject
Project("{9A19103F-16F7-4668-BE54-9A1E7A4F7556}") = "R5T.F0024.O001", "R5T.F0024.O001/R5T.F0024.O001.csproj", "{502CEB9B-82CD-4F2C-B9F2-D4C3CC91A798}"
EndProject
Global
	GlobalSection(NestedProjects) = preSolution
		{AA822AE3-F7A1-419C-BC92-43F2DC225D05} = {9427B931-702E-4EF5-B3ED-9FD6679DBCA4}
		{4B53B548-69B5-497F-A763-C7897EDEBC42} = {9427B931-702E-4EF5-B3ED-9FD6679DBCA4}
		{B418A859-BFCF-4727-B745-876AA76FAC9E} = {9427B931-702E-4EF5-B3ED-9FD6679DBCA4}
		{C904944C-28A6-4B6A-A149-BBDF0085BDE1} = {9427B931-702E-4EF5-B3ED-9FD6679DBCA4}
		{396369E1-9AD4-474A-BC4A-0E5444FE258A} = {9427B931-702E-4EF5-B3ED-9FD6679DBCA4}
		{FFFDE839-8696-4920-BEC4-79DAF5C494F0} = {9427B931-702E-4EF5-B3ED-9FD6679DBCA4}
		{43AFFD01-382E-49DC-B019-DE041A56A040} = {9427B931-702E-4EF5-B3ED-9FD6679DBCA4}
		{188ADC44-70C7-4539-8E3B-1905A35F3CA4} = {9427B931-702E-4EF5-B3ED-9FD6679DBCA4}
		{A1E59D9E-55E3-4A29-A72C-DD671F0A1D35} = {9427B931-702E-4EF5-B3ED-9FD6679DBCA4}
		{E5D5F132-CF4C-4D1F-9E44-B1E1F83DF8DE} = {9427B931-702E-4EF5-B3ED-9FD6679DBCA4}
		{DC6B9131-E8FD-421F-B49F-AC9E0CD6AE0C} = {9427B931-702E-4EF5-B3ED-9FD6679DBCA4}
		{F4B154E8-5306-43E6-95E7-DE46044D285B} = {9427B931-702E-4EF5-B3ED-9FD6679DBCA4}
		{2034B78A-F6A1-4B1A-9A1E-55E49D727EF2} = {9427B931-702E-4EF5-B3ED-9FD6679DBCA4}
		{9F53C6C9-6EAC-4603-973D-0F219EABE395} = {9427B931-702E-4EF5-B3ED-9FD6679DBCA4}
		{F980F2F4-123C-461D-9815-D4E407422519} = {9427B931-702E-4EF5-B3ED-9FD6679DBCA4}
		{094EA028-D715-4780-AC54-87B176D238C0} = {9427B931-702E-4EF5-B3ED-9FD6679DBCA4}
		{8D3071AF-22D1-4E0E-93CD-80F3B22FC3A1} = {9427B931-702E-4EF5-B3ED-9FD6679DBCA4}
		{B5F1B494-854E-4A71-8E52-216796714111} = {9427B931-702E-4EF5-B3ED-9FD6679DBCA4}
		{37FCE886-4910-4D52-A04A-26825156C569} = {9427B931-702E-4EF5-B3ED-9FD6679DBCA4}
		{456B0614-07C3-42ED-AEEA-F4B821332EC3} = {9427B931-702E-4EF5-B3ED-9FD6679DBCA4}
		{BDBEB2A3-A9E4-467A-8B55-256A3D6755C2} = {9427B931-702E-4EF5-B3ED-9FD6679DBCA4}
		{F88D8758-FD85-4321-A147-80B557F4BE29} = {9427B931-702E-4EF5-B3ED-9FD6679DBCA4}
		{D5D2EE44-1807-4641-BCB6-95C7E466B283} = {9427B931-702E-4EF5-B3ED-9FD6679DBCA4}
		{735D4257-4EB0-409A-8DBF-07A70F8D12AF} = {9427B931-702E-4EF5-B3ED-9FD6679DBCA4}
		{7B0BC657-FF0A-451D-BA4E-FC447BF2028D} = {9427B931-702E-4EF5-B3ED-9FD6679DBCA4}
		{DE60B975-BE0C-4069-815E-E377A83FF828} = {9427B931-702E-4EF5-B3ED-9FD6679DBCA4}
		{D4129973-1EAF-4D50-B67B-BD948A1EF989} = {9427B931-702E-4EF5-B3ED-9FD6679DBCA4}
		{8DA5426D-B860-4E1E-88F5-528BD02E0C02} = {9427B931-702E-4EF5-B3ED-9FD6679DBCA4}
		{79493F84-17E9-4846-A17E-BBD194A104BA} = {9427B931-702E-4EF5-B3ED-9FD6679DBCA4}
		{EEB3B5DA-8298-4D6F-878A-1A66652B9E06} = {9427B931-702E-4EF5-B3ED-9FD6679DBCA4}
		{EC7F00C4-D259-4CEC-A44C-60392254AE76} = {9427B931-702E-4EF5-B3ED-9FD6679DBCA4}
		{13DD713F-F8DA-459F-A7C5-8913B711DFF0} = {9427B931-702E-4EF5-B3ED-9FD6679DBCA4}
		{232CBEB7-34C0-47C6-9544-443E1BD8F63C} = {9427B931-702E-4EF5-B3ED-9FD6679DBCA4}
		{FDE3D155-A088-4809-B9E5-4D2AC5E85E0E} = {9427B931-702E-4EF5-B3ED-9FD6679DBCA4}
		{18DE90B8-4E4C-4801-8B53-550C3088212C} = {9427B931-702E-4EF5-B3ED-9FD6679DBCA4}
		{26ED766D-1B5B-4CD1-96EA-AA49A0C16589} = {9427B931-702E-4EF5-B3ED-9FD6679DBCA4}
		{8DC359A9-97A6-464A-9020-1BA715384BDF} = {9427B931-702E-4EF5-B3ED-9FD6679DBCA4}
		{5FA3EFF5-036E-4ED7-B8A4-80BEE46361E9} = {9427B931-702E-4EF5-B3ED-9FD6679DBCA4}
		{3CC9DC57-5F8A-478A-9EE1-C4E037D16557} = {9427B931-702E-4EF5-B3ED-9FD6679DBCA4}
		{39C7CCC2-C7E8-46EE-BD27-69656002614E} = {9427B931-702E-4EF5-B3ED-9FD6679DBCA4}
		{8037078D-817C-4B9E-BAC7-10E1C8B5B171} = {9427B931-702E-4EF5-B3ED-9FD6679DBCA4}
		{B568BEE8-0844-4064-9916-89B8B048434C} = {9427B931-702E-4EF5-B3ED-9FD6679DBCA4}
		{C38ADFD1-E2FB-47D0-850F-4024D60B9D13} = {9427B931-702E-4EF5-B3ED-9FD6679DBCA4}
		{0ACBD3E2-C28F-42FD-BFB7-7E689DD2F794} = {9427B931-702E-4EF5-B3ED-9FD6679DBCA4}
		{A910B7C2-749A-458C-93AE-B3B909524D31} = {9427B931-702E-4EF5-B3ED-9FD6679DBCA4}
		{FB1CD7E9-3DC2-4C82-A92E-4C98A57636DB} = {9427B931-702E-4EF5-B3ED-9FD6679DBCA4}
		{63BCE739-A2A4-462C-83F1-9A1C8477ADDB} = {9427B931-702E-4EF5-B3ED-9FD6679DBCA4}
		{046A3F42-12EB-4F6A-94BD-7BDB8A812DD2} = {9427B931-702E-4EF5-B3ED-9FD6679DBCA4}
		{1213E441-9589-4882-8A41-4217F3F6D92D} = {9427B931-702E-4EF5-B3ED-9FD6679DBCA4}
		{2B1067C2-20C1-47EF-8FCE-DC3C27EA1C89} = {9427B931-702E-4EF5-B3ED-9FD6679DBCA4}
		{4AA1A111-4CE4-4EED-9F17-339C800A46AC} = {9427B931-702E-4EF5-B3ED-9FD6679DBCA4}
		{6E5F0BBB-9096-4895-AD34-A9B88618ACCA} = {9427B931-702E-4EF5-B3ED-9FD6679DBCA4}
		{53CCC339-3033-469E-BCD5-72C31D730DE5} = {9427B931-702E-4EF5-B3ED-9FD6679DBCA4}
		{2B742ADF-6EB1-40C6-874B-BC64BED6EDDC} = {9427B931-702E-4EF5-B3ED-9FD6679DBCA4}
	EndGlobalSection
	GlobalSection(SolutionConfigurationPlatforms) = preSolution
		Debug|Any CPU = Debug|Any CPU
		Release|Any CPU = Release|Any CPU
	EndGlobalSection
	GlobalSection(ProjectConfigurationPlatforms) = postSolution
		{081E5A56-66D6-4DA2-8A2B-FA96F63063B6}.Debug|Any CPU.ActiveCfg = Debug|Any CPU
		{081E5A56-66D6-4DA2-8A2B-FA96F63063B6}.Debug|Any CPU.Build.0 = Debug|Any CPU
		{081E5A56-66D6-4DA2-8A2B-FA96F63063B6}.Release|Any CPU.ActiveCfg = Release|Any CPU
		{081E5A56-66D6-4DA2-8A2B-FA96F63063B6}.Release|Any CPU.Build.0 = Release|Any CPU
		{5CF42462-EFD5-47A9-9AFA-69A290DAB166}.Debug|Any CPU.ActiveCfg = Debug|Any CPU
		{5CF42462-EFD5-47A9-9AFA-69A290DAB166}.Debug|Any CPU.Build.0 = Debug|Any CPU
		{5CF42462-EFD5-47A9-9AFA-69A290DAB166}.Release|Any CPU.ActiveCfg = Release|Any CPU
		{5CF42462-EFD5-47A9-9AFA-69A290DAB166}.Release|Any CPU.Build.0 = Release|Any CPU
		{AA822AE3-F7A1-419C-BC92-43F2DC225D05}.Debug|Any CPU.ActiveCfg = Debug|Any CPU
		{AA822AE3-F7A1-419C-BC92-43F2DC225D05}.Debug|Any CPU.Build.0 = Debug|Any CPU
		{AA822AE3-F7A1-419C-BC92-43F2DC225D05}.Release|Any CPU.ActiveCfg = Release|Any CPU
		{AA822AE3-F7A1-419C-BC92-43F2DC225D05}.Release|Any CPU.Build.0 = Release|Any CPU
		{4B53B548-69B5-497F-A763-C7897EDEBC42}.Debug|Any CPU.ActiveCfg = Debug|Any CPU
		{4B53B548-69B5-497F-A763-C7897EDEBC42}.Debug|Any CPU.Build.0 = Debug|Any CPU
		{4B53B548-69B5-497F-A763-C7897EDEBC42}.Release|Any CPU.ActiveCfg = Release|Any CPU
		{4B53B548-69B5-497F-A763-C7897EDEBC42}.Release|Any CPU.Build.0 = Release|Any CPU
		{B418A859-BFCF-4727-B745-876AA76FAC9E}.Debug|Any CPU.ActiveCfg = Debug|Any CPU
		{B418A859-BFCF-4727-B745-876AA76FAC9E}.Debug|Any CPU.Build.0 = Debug|Any CPU
		{B418A859-BFCF-4727-B745-876AA76FAC9E}.Release|Any CPU.ActiveCfg = Release|Any CPU
		{B418A859-BFCF-4727-B745-876AA76FAC9E}.Release|Any CPU.Build.0 = Release|Any CPU
		{C904944C-28A6-4B6A-A149-BBDF0085BDE1}.Debug|Any CPU.ActiveCfg = Debug|Any CPU
		{C904944C-28A6-4B6A-A149-BBDF0085BDE1}.Debug|Any CPU.Build.0 = Debug|Any CPU
		{C904944C-28A6-4B6A-A149-BBDF0085BDE1}.Release|Any CPU.ActiveCfg = Release|Any CPU
		{C904944C-28A6-4B6A-A149-BBDF0085BDE1}.Release|Any CPU.Build.0 = Release|Any CPU
		{396369E1-9AD4-474A-BC4A-0E5444FE258A}.Debug|Any CPU.ActiveCfg = Debug|Any CPU
		{396369E1-9AD4-474A-BC4A-0E5444FE258A}.Debug|Any CPU.Build.0 = Debug|Any CPU
		{396369E1-9AD4-474A-BC4A-0E5444FE258A}.Release|Any CPU.ActiveCfg = Release|Any CPU
		{396369E1-9AD4-474A-BC4A-0E5444FE258A}.Release|Any CPU.Build.0 = Release|Any CPU
		{FFFDE839-8696-4920-BEC4-79DAF5C494F0}.Debug|Any CPU.ActiveCfg = Debug|Any CPU
		{FFFDE839-8696-4920-BEC4-79DAF5C494F0}.Debug|Any CPU.Build.0 = Debug|Any CPU
		{FFFDE839-8696-4920-BEC4-79DAF5C494F0}.Release|Any CPU.ActiveCfg = Release|Any CPU
		{FFFDE839-8696-4920-BEC4-79DAF5C494F0}.Release|Any CPU.Build.0 = Release|Any CPU
		{43AFFD01-382E-49DC-B019-DE041A56A040}.Debug|Any CPU.ActiveCfg = Debug|Any CPU
		{43AFFD01-382E-49DC-B019-DE041A56A040}.Debug|Any CPU.Build.0 = Debug|Any CPU
		{43AFFD01-382E-49DC-B019-DE041A56A040}.Release|Any CPU.ActiveCfg = Release|Any CPU
		{43AFFD01-382E-49DC-B019-DE041A56A040}.Release|Any CPU.Build.0 = Release|Any CPU
		{188ADC44-70C7-4539-8E3B-1905A35F3CA4}.Debug|Any CPU.ActiveCfg = Debug|Any CPU
		{188ADC44-70C7-4539-8E3B-1905A35F3CA4}.Debug|Any CPU.Build.0 = Debug|Any CPU
		{188ADC44-70C7-4539-8E3B-1905A35F3CA4}.Release|Any CPU.ActiveCfg = Release|Any CPU
		{188ADC44-70C7-4539-8E3B-1905A35F3CA4}.Release|Any CPU.Build.0 = Release|Any CPU
		{A1E59D9E-55E3-4A29-A72C-DD671F0A1D35}.Debug|Any CPU.ActiveCfg = Debug|Any CPU
		{A1E59D9E-55E3-4A29-A72C-DD671F0A1D35}.Debug|Any CPU.Build.0 = Debug|Any CPU
		{A1E59D9E-55E3-4A29-A72C-DD671F0A1D35}.Release|Any CPU.ActiveCfg = Release|Any CPU
		{A1E59D9E-55E3-4A29-A72C-DD671F0A1D35}.Release|Any CPU.Build.0 = Release|Any CPU
		{3080AB06-97C0-4E7D-BB82-E4DD8444FD32}.Debug|Any CPU.ActiveCfg = Debug|Any CPU
		{3080AB06-97C0-4E7D-BB82-E4DD8444FD32}.Debug|Any CPU.Build.0 = Debug|Any CPU
		{3080AB06-97C0-4E7D-BB82-E4DD8444FD32}.Release|Any CPU.ActiveCfg = Release|Any CPU
		{3080AB06-97C0-4E7D-BB82-E4DD8444FD32}.Release|Any CPU.Build.0 = Release|Any CPU
		{E5D5F132-CF4C-4D1F-9E44-B1E1F83DF8DE}.Debug|Any CPU.ActiveCfg = Debug|Any CPU
		{E5D5F132-CF4C-4D1F-9E44-B1E1F83DF8DE}.Debug|Any CPU.Build.0 = Debug|Any CPU
		{E5D5F132-CF4C-4D1F-9E44-B1E1F83DF8DE}.Release|Any CPU.ActiveCfg = Release|Any CPU
		{E5D5F132-CF4C-4D1F-9E44-B1E1F83DF8DE}.Release|Any CPU.Build.0 = Release|Any CPU
		{DC6B9131-E8FD-421F-B49F-AC9E0CD6AE0C}.Debug|Any CPU.ActiveCfg = Debug|Any CPU
		{DC6B9131-E8FD-421F-B49F-AC9E0CD6AE0C}.Debug|Any CPU.Build.0 = Debug|Any CPU
		{DC6B9131-E8FD-421F-B49F-AC9E0CD6AE0C}.Release|Any CPU.ActiveCfg = Release|Any CPU
		{DC6B9131-E8FD-421F-B49F-AC9E0CD6AE0C}.Release|Any CPU.Build.0 = Release|Any CPU
		{F4B154E8-5306-43E6-95E7-DE46044D285B}.Debug|Any CPU.ActiveCfg = Debug|Any CPU
		{F4B154E8-5306-43E6-95E7-DE46044D285B}.Debug|Any CPU.Build.0 = Debug|Any CPU
		{F4B154E8-5306-43E6-95E7-DE46044D285B}.Release|Any CPU.ActiveCfg = Release|Any CPU
		{F4B154E8-5306-43E6-95E7-DE46044D285B}.Release|Any CPU.Build.0 = Release|Any CPU
		{2034B78A-F6A1-4B1A-9A1E-55E49D727EF2}.Debug|Any CPU.ActiveCfg = Debug|Any CPU
		{2034B78A-F6A1-4B1A-9A1E-55E49D727EF2}.Debug|Any CPU.Build.0 = Debug|Any CPU
		{2034B78A-F6A1-4B1A-9A1E-55E49D727EF2}.Release|Any CPU.ActiveCfg = Release|Any CPU
		{2034B78A-F6A1-4B1A-9A1E-55E49D727EF2}.Release|Any CPU.Build.0 = Release|Any CPU
		{9F53C6C9-6EAC-4603-973D-0F219EABE395}.Debug|Any CPU.ActiveCfg = Debug|Any CPU
		{9F53C6C9-6EAC-4603-973D-0F219EABE395}.Debug|Any CPU.Build.0 = Debug|Any CPU
		{9F53C6C9-6EAC-4603-973D-0F219EABE395}.Release|Any CPU.ActiveCfg = Release|Any CPU
		{9F53C6C9-6EAC-4603-973D-0F219EABE395}.Release|Any CPU.Build.0 = Release|Any CPU
		{F980F2F4-123C-461D-9815-D4E407422519}.Debug|Any CPU.ActiveCfg = Debug|Any CPU
		{F980F2F4-123C-461D-9815-D4E407422519}.Debug|Any CPU.Build.0 = Debug|Any CPU
		{F980F2F4-123C-461D-9815-D4E407422519}.Release|Any CPU.ActiveCfg = Release|Any CPU
		{F980F2F4-123C-461D-9815-D4E407422519}.Release|Any CPU.Build.0 = Release|Any CPU
		{094EA028-D715-4780-AC54-87B176D238C0}.Debug|Any CPU.ActiveCfg = Debug|Any CPU
		{094EA028-D715-4780-AC54-87B176D238C0}.Debug|Any CPU.Build.0 = Debug|Any CPU
		{094EA028-D715-4780-AC54-87B176D238C0}.Release|Any CPU.ActiveCfg = Release|Any CPU
		{094EA028-D715-4780-AC54-87B176D238C0}.Release|Any CPU.Build.0 = Release|Any CPU
		{8D3071AF-22D1-4E0E-93CD-80F3B22FC3A1}.Debug|Any CPU.ActiveCfg = Debug|Any CPU
		{8D3071AF-22D1-4E0E-93CD-80F3B22FC3A1}.Debug|Any CPU.Build.0 = Debug|Any CPU
		{8D3071AF-22D1-4E0E-93CD-80F3B22FC3A1}.Release|Any CPU.ActiveCfg = Release|Any CPU
		{8D3071AF-22D1-4E0E-93CD-80F3B22FC3A1}.Release|Any CPU.Build.0 = Release|Any CPU
		{B5F1B494-854E-4A71-8E52-216796714111}.Debug|Any CPU.ActiveCfg = Debug|Any CPU
		{B5F1B494-854E-4A71-8E52-216796714111}.Debug|Any CPU.Build.0 = Debug|Any CPU
		{B5F1B494-854E-4A71-8E52-216796714111}.Release|Any CPU.ActiveCfg = Release|Any CPU
		{B5F1B494-854E-4A71-8E52-216796714111}.Release|Any CPU.Build.0 = Release|Any CPU
		{37FCE886-4910-4D52-A04A-26825156C569}.Debug|Any CPU.ActiveCfg = Debug|Any CPU
		{37FCE886-4910-4D52-A04A-26825156C569}.Debug|Any CPU.Build.0 = Debug|Any CPU
		{37FCE886-4910-4D52-A04A-26825156C569}.Release|Any CPU.ActiveCfg = Release|Any CPU
		{37FCE886-4910-4D52-A04A-26825156C569}.Release|Any CPU.Build.0 = Release|Any CPU
		{456B0614-07C3-42ED-AEEA-F4B821332EC3}.Debug|Any CPU.ActiveCfg = Debug|Any CPU
		{456B0614-07C3-42ED-AEEA-F4B821332EC3}.Debug|Any CPU.Build.0 = Debug|Any CPU
		{456B0614-07C3-42ED-AEEA-F4B821332EC3}.Release|Any CPU.ActiveCfg = Release|Any CPU
		{456B0614-07C3-42ED-AEEA-F4B821332EC3}.Release|Any CPU.Build.0 = Release|Any CPU
		{BDBEB2A3-A9E4-467A-8B55-256A3D6755C2}.Debug|Any CPU.ActiveCfg = Debug|Any CPU
		{BDBEB2A3-A9E4-467A-8B55-256A3D6755C2}.Debug|Any CPU.Build.0 = Debug|Any CPU
		{BDBEB2A3-A9E4-467A-8B55-256A3D6755C2}.Release|Any CPU.ActiveCfg = Release|Any CPU
		{BDBEB2A3-A9E4-467A-8B55-256A3D6755C2}.Release|Any CPU.Build.0 = Release|Any CPU
		{F88D8758-FD85-4321-A147-80B557F4BE29}.Debug|Any CPU.ActiveCfg = Debug|Any CPU
		{F88D8758-FD85-4321-A147-80B557F4BE29}.Debug|Any CPU.Build.0 = Debug|Any CPU
		{F88D8758-FD85-4321-A147-80B557F4BE29}.Release|Any CPU.ActiveCfg = Release|Any CPU
		{F88D8758-FD85-4321-A147-80B557F4BE29}.Release|Any CPU.Build.0 = Release|Any CPU
		{D5D2EE44-1807-4641-BCB6-95C7E466B283}.Debug|Any CPU.ActiveCfg = Debug|Any CPU
		{D5D2EE44-1807-4641-BCB6-95C7E466B283}.Debug|Any CPU.Build.0 = Debug|Any CPU
		{D5D2EE44-1807-4641-BCB6-95C7E466B283}.Release|Any CPU.ActiveCfg = Release|Any CPU
		{D5D2EE44-1807-4641-BCB6-95C7E466B283}.Release|Any CPU.Build.0 = Release|Any CPU
		{735D4257-4EB0-409A-8DBF-07A70F8D12AF}.Debug|Any CPU.ActiveCfg = Debug|Any CPU
		{735D4257-4EB0-409A-8DBF-07A70F8D12AF}.Debug|Any CPU.Build.0 = Debug|Any CPU
		{735D4257-4EB0-409A-8DBF-07A70F8D12AF}.Release|Any CPU.ActiveCfg = Release|Any CPU
		{735D4257-4EB0-409A-8DBF-07A70F8D12AF}.Release|Any CPU.Build.0 = Release|Any CPU
		{7B0BC657-FF0A-451D-BA4E-FC447BF2028D}.Debug|Any CPU.ActiveCfg = Debug|Any CPU
		{7B0BC657-FF0A-451D-BA4E-FC447BF2028D}.Debug|Any CPU.Build.0 = Debug|Any CPU
		{7B0BC657-FF0A-451D-BA4E-FC447BF2028D}.Release|Any CPU.ActiveCfg = Release|Any CPU
		{7B0BC657-FF0A-451D-BA4E-FC447BF2028D}.Release|Any CPU.Build.0 = Release|Any CPU
		{DE60B975-BE0C-4069-815E-E377A83FF828}.Debug|Any CPU.ActiveCfg = Debug|Any CPU
		{DE60B975-BE0C-4069-815E-E377A83FF828}.Debug|Any CPU.Build.0 = Debug|Any CPU
		{DE60B975-BE0C-4069-815E-E377A83FF828}.Release|Any CPU.ActiveCfg = Release|Any CPU
		{DE60B975-BE0C-4069-815E-E377A83FF828}.Release|Any CPU.Build.0 = Release|Any CPU
		{D4129973-1EAF-4D50-B67B-BD948A1EF989}.Debug|Any CPU.ActiveCfg = Debug|Any CPU
		{D4129973-1EAF-4D50-B67B-BD948A1EF989}.Debug|Any CPU.Build.0 = Debug|Any CPU
		{D4129973-1EAF-4D50-B67B-BD948A1EF989}.Release|Any CPU.ActiveCfg = Release|Any CPU
		{D4129973-1EAF-4D50-B67B-BD948A1EF989}.Release|Any CPU.Build.0 = Release|Any CPU
		{8DA5426D-B860-4E1E-88F5-528BD02E0C02}.Debug|Any CPU.ActiveCfg = Debug|Any CPU
		{8DA5426D-B860-4E1E-88F5-528BD02E0C02}.Debug|Any CPU.Build.0 = Debug|Any CPU
		{8DA5426D-B860-4E1E-88F5-528BD02E0C02}.Release|Any CPU.ActiveCfg = Release|Any CPU
		{8DA5426D-B860-4E1E-88F5-528BD02E0C02}.Release|Any CPU.Build.0 = Release|Any CPU
		{79493F84-17E9-4846-A17E-BBD194A104BA}.Debug|Any CPU.ActiveCfg = Debug|Any CPU
		{79493F84-17E9-4846-A17E-BBD194A104BA}.Debug|Any CPU.Build.0 = Debug|Any CPU
		{79493F84-17E9-4846-A17E-BBD194A104BA}.Release|Any CPU.ActiveCfg = Release|Any CPU
		{79493F84-17E9-4846-A17E-BBD194A104BA}.Release|Any CPU.Build.0 = Release|Any CPU
		{EEB3B5DA-8298-4D6F-878A-1A66652B9E06}.Debug|Any CPU.ActiveCfg = Debug|Any CPU
		{EEB3B5DA-8298-4D6F-878A-1A66652B9E06}.Debug|Any CPU.Build.0 = Debug|Any CPU
		{EEB3B5DA-8298-4D6F-878A-1A66652B9E06}.Release|Any CPU.ActiveCfg = Release|Any CPU
		{EEB3B5DA-8298-4D6F-878A-1A66652B9E06}.Release|Any CPU.Build.0 = Release|Any CPU
		{EC7F00C4-D259-4CEC-A44C-60392254AE76}.Debug|Any CPU.ActiveCfg = Debug|Any CPU
		{EC7F00C4-D259-4CEC-A44C-60392254AE76}.Debug|Any CPU.Build.0 = Debug|Any CPU
		{EC7F00C4-D259-4CEC-A44C-60392254AE76}.Release|Any CPU.ActiveCfg = Release|Any CPU
		{EC7F00C4-D259-4CEC-A44C-60392254AE76}.Release|Any CPU.Build.0 = Release|Any CPU
		{13DD713F-F8DA-459F-A7C5-8913B711DFF0}.Debug|Any CPU.ActiveCfg = Debug|Any CPU
		{13DD713F-F8DA-459F-A7C5-8913B711DFF0}.Debug|Any CPU.Build.0 = Debug|Any CPU
		{13DD713F-F8DA-459F-A7C5-8913B711DFF0}.Release|Any CPU.ActiveCfg = Release|Any CPU
		{13DD713F-F8DA-459F-A7C5-8913B711DFF0}.Release|Any CPU.Build.0 = Release|Any CPU
		{232CBEB7-34C0-47C6-9544-443E1BD8F63C}.Debug|Any CPU.ActiveCfg = Debug|Any CPU
		{232CBEB7-34C0-47C6-9544-443E1BD8F63C}.Debug|Any CPU.Build.0 = Debug|Any CPU
		{232CBEB7-34C0-47C6-9544-443E1BD8F63C}.Release|Any CPU.ActiveCfg = Release|Any CPU
		{232CBEB7-34C0-47C6-9544-443E1BD8F63C}.Release|Any CPU.Build.0 = Release|Any CPU
		{FDE3D155-A088-4809-B9E5-4D2AC5E85E0E}.Debug|Any CPU.ActiveCfg = Debug|Any CPU
		{FDE3D155-A088-4809-B9E5-4D2AC5E85E0E}.Debug|Any CPU.Build.0 = Debug|Any CPU
		{FDE3D155-A088-4809-B9E5-4D2AC5E85E0E}.Release|Any CPU.ActiveCfg = Release|Any CPU
		{FDE3D155-A088-4809-B9E5-4D2AC5E85E0E}.Release|Any CPU.Build.0 = Release|Any CPU
		{18DE90B8-4E4C-4801-8B53-550C3088212C}.Debug|Any CPU.ActiveCfg = Debug|Any CPU
		{18DE90B8-4E4C-4801-8B53-550C3088212C}.Debug|Any CPU.Build.0 = Debug|Any CPU
		{18DE90B8-4E4C-4801-8B53-550C3088212C}.Release|Any CPU.ActiveCfg = Release|Any CPU
		{18DE90B8-4E4C-4801-8B53-550C3088212C}.Release|Any CPU.Build.0 = Release|Any CPU
		{26ED766D-1B5B-4CD1-96EA-AA49A0C16589}.Debug|Any CPU.ActiveCfg = Debug|Any CPU
		{26ED766D-1B5B-4CD1-96EA-AA49A0C16589}.Debug|Any CPU.Build.0 = Debug|Any CPU
		{26ED766D-1B5B-4CD1-96EA-AA49A0C16589}.Release|Any CPU.ActiveCfg = Release|Any CPU
		{26ED766D-1B5B-4CD1-96EA-AA49A0C16589}.Release|Any CPU.Build.0 = Release|Any CPU
		{8DC359A9-97A6-464A-9020-1BA715384BDF}.Debug|Any CPU.ActiveCfg = Debug|Any CPU
		{8DC359A9-97A6-464A-9020-1BA715384BDF}.Debug|Any CPU.Build.0 = Debug|Any CPU
		{8DC359A9-97A6-464A-9020-1BA715384BDF}.Release|Any CPU.ActiveCfg = Release|Any CPU
		{8DC359A9-97A6-464A-9020-1BA715384BDF}.Release|Any CPU.Build.0 = Release|Any CPU
		{5FA3EFF5-036E-4ED7-B8A4-80BEE46361E9}.Debug|Any CPU.ActiveCfg = Debug|Any CPU
		{5FA3EFF5-036E-4ED7-B8A4-80BEE46361E9}.Debug|Any CPU.Build.0 = Debug|Any CPU
		{5FA3EFF5-036E-4ED7-B8A4-80BEE46361E9}.Release|Any CPU.ActiveCfg = Release|Any CPU
		{5FA3EFF5-036E-4ED7-B8A4-80BEE46361E9}.Release|Any CPU.Build.0 = Release|Any CPU
		{3CC9DC57-5F8A-478A-9EE1-C4E037D16557}.Debug|Any CPU.ActiveCfg = Debug|Any CPU
		{3CC9DC57-5F8A-478A-9EE1-C4E037D16557}.Debug|Any CPU.Build.0 = Debug|Any CPU
		{3CC9DC57-5F8A-478A-9EE1-C4E037D16557}.Release|Any CPU.ActiveCfg = Release|Any CPU
		{3CC9DC57-5F8A-478A-9EE1-C4E037D16557}.Release|Any CPU.Build.0 = Release|Any CPU
		{39C7CCC2-C7E8-46EE-BD27-69656002614E}.Debug|Any CPU.ActiveCfg = Debug|Any CPU
		{39C7CCC2-C7E8-46EE-BD27-69656002614E}.Debug|Any CPU.Build.0 = Debug|Any CPU
		{39C7CCC2-C7E8-46EE-BD27-69656002614E}.Release|Any CPU.ActiveCfg = Release|Any CPU
		{39C7CCC2-C7E8-46EE-BD27-69656002614E}.Release|Any CPU.Build.0 = Release|Any CPU
		{8037078D-817C-4B9E-BAC7-10E1C8B5B171}.Debug|Any CPU.ActiveCfg = Debug|Any CPU
		{8037078D-817C-4B9E-BAC7-10E1C8B5B171}.Debug|Any CPU.Build.0 = Debug|Any CPU
		{8037078D-817C-4B9E-BAC7-10E1C8B5B171}.Release|Any CPU.ActiveCfg = Release|Any CPU
		{8037078D-817C-4B9E-BAC7-10E1C8B5B171}.Release|Any CPU.Build.0 = Release|Any CPU
		{B568BEE8-0844-4064-9916-89B8B048434C}.Debug|Any CPU.ActiveCfg = Debug|Any CPU
		{B568BEE8-0844-4064-9916-89B8B048434C}.Debug|Any CPU.Build.0 = Debug|Any CPU
		{B568BEE8-0844-4064-9916-89B8B048434C}.Release|Any CPU.ActiveCfg = Release|Any CPU
		{B568BEE8-0844-4064-9916-89B8B048434C}.Release|Any CPU.Build.0 = Release|Any CPU
		{C38ADFD1-E2FB-47D0-850F-4024D60B9D13}.Debug|Any CPU.ActiveCfg = Debug|Any CPU
		{C38ADFD1-E2FB-47D0-850F-4024D60B9D13}.Debug|Any CPU.Build.0 = Debug|Any CPU
		{C38ADFD1-E2FB-47D0-850F-4024D60B9D13}.Release|Any CPU.ActiveCfg = Release|Any CPU
		{C38ADFD1-E2FB-47D0-850F-4024D60B9D13}.Release|Any CPU.Build.0 = Release|Any CPU
		{0ACBD3E2-C28F-42FD-BFB7-7E689DD2F794}.Debug|Any CPU.ActiveCfg = Debug|Any CPU
		{0ACBD3E2-C28F-42FD-BFB7-7E689DD2F794}.Debug|Any CPU.Build.0 = Debug|Any CPU
		{0ACBD3E2-C28F-42FD-BFB7-7E689DD2F794}.Release|Any CPU.ActiveCfg = Release|Any CPU
		{0ACBD3E2-C28F-42FD-BFB7-7E689DD2F794}.Release|Any CPU.Build.0 = Release|Any CPU
		{A910B7C2-749A-458C-93AE-B3B909524D31}.Debug|Any CPU.ActiveCfg = Debug|Any CPU
		{A910B7C2-749A-458C-93AE-B3B909524D31}.Debug|Any CPU.Build.0 = Debug|Any CPU
		{A910B7C2-749A-458C-93AE-B3B909524D31}.Release|Any CPU.ActiveCfg = Release|Any CPU
		{A910B7C2-749A-458C-93AE-B3B909524D31}.Release|Any CPU.Build.0 = Release|Any CPU
		{FB1CD7E9-3DC2-4C82-A92E-4C98A57636DB}.Debug|Any CPU.ActiveCfg = Debug|Any CPU
		{FB1CD7E9-3DC2-4C82-A92E-4C98A57636DB}.Debug|Any CPU.Build.0 = Debug|Any CPU
		{FB1CD7E9-3DC2-4C82-A92E-4C98A57636DB}.Release|Any CPU.ActiveCfg = Release|Any CPU
		{FB1CD7E9-3DC2-4C82-A92E-4C98A57636DB}.Release|Any CPU.Build.0 = Release|Any CPU
		{63BCE739-A2A4-462C-83F1-9A1C8477ADDB}.Debug|Any CPU.ActiveCfg = Debug|Any CPU
		{63BCE739-A2A4-462C-83F1-9A1C8477ADDB}.Debug|Any CPU.Build.0 = Debug|Any CPU
		{63BCE739-A2A4-462C-83F1-9A1C8477ADDB}.Release|Any CPU.ActiveCfg = Release|Any CPU
		{63BCE739-A2A4-462C-83F1-9A1C8477ADDB}.Release|Any CPU.Build.0 = Release|Any CPU
		{046A3F42-12EB-4F6A-94BD-7BDB8A812DD2}.Debug|Any CPU.ActiveCfg = Debug|Any CPU
		{046A3F42-12EB-4F6A-94BD-7BDB8A812DD2}.Debug|Any CPU.Build.0 = Debug|Any CPU
		{046A3F42-12EB-4F6A-94BD-7BDB8A812DD2}.Release|Any CPU.ActiveCfg = Release|Any CPU
		{046A3F42-12EB-4F6A-94BD-7BDB8A812DD2}.Release|Any CPU.Build.0 = Release|Any CPU
		{1213E441-9589-4882-8A41-4217F3F6D92D}.Debug|Any CPU.ActiveCfg = Debug|Any CPU
		{1213E441-9589-4882-8A41-4217F3F6D92D}.Debug|Any CPU.Build.0 = Debug|Any CPU
		{1213E441-9589-4882-8A41-4217F3F6D92D}.Release|Any CPU.ActiveCfg = Release|Any CPU
		{1213E441-9589-4882-8A41-4217F3F6D92D}.Release|Any CPU.Build.0 = Release|Any CPU
		{2B1067C2-20C1-47EF-8FCE-DC3C27EA1C89}.Debug|Any CPU.ActiveCfg = Debug|Any CPU
		{2B1067C2-20C1-47EF-8FCE-DC3C27EA1C89}.Debug|Any CPU.Build.0 = Debug|Any CPU
		{2B1067C2-20C1-47EF-8FCE-DC3C27EA1C89}.Release|Any CPU.ActiveCfg = Release|Any CPU
		{2B1067C2-20C1-47EF-8FCE-DC3C27EA1C89}.Release|Any CPU.Build.0 = Release|Any CPU
		{4AA1A111-4CE4-4EED-9F17-339C800A46AC}.Debug|Any CPU.ActiveCfg = Debug|Any CPU
		{4AA1A111-4CE4-4EED-9F17-339C800A46AC}.Debug|Any CPU.Build.0 = Debug|Any CPU
		{4AA1A111-4CE4-4EED-9F17-339C800A46AC}.Release|Any CPU.ActiveCfg = Release|Any CPU
		{4AA1A111-4CE4-4EED-9F17-339C800A46AC}.Release|Any CPU.Build.0 = Release|Any CPU
		{6E5F0BBB-9096-4895-AD34-A9B88618ACCA}.Debug|Any CPU.ActiveCfg = Debug|Any CPU
		{6E5F0BBB-9096-4895-AD34-A9B88618ACCA}.Debug|Any CPU.Build.0 = Debug|Any CPU
		{6E5F0BBB-9096-4895-AD34-A9B88618ACCA}.Release|Any CPU.ActiveCfg = Release|Any CPU
		{6E5F0BBB-9096-4895-AD34-A9B88618ACCA}.Release|Any CPU.Build.0 = Release|Any CPU
		{53CCC339-3033-469E-BCD5-72C31D730DE5}.Debug|Any CPU.ActiveCfg = Debug|Any CPU
		{53CCC339-3033-469E-BCD5-72C31D730DE5}.Debug|Any CPU.Build.0 = Debug|Any CPU
		{53CCC339-3033-469E-BCD5-72C31D730DE5}.Release|Any CPU.ActiveCfg = Release|Any CPU
		{53CCC339-3033-469E-BCD5-72C31D730DE5}.Release|Any CPU.Build.0 = Release|Any CPU
		{2B742ADF-6EB1-40C6-874B-BC64BED6EDDC}.Debug|Any CPU.ActiveCfg = Debug|Any CPU
		{2B742ADF-6EB1-40C6-874B-BC64BED6EDDC}.Debug|Any CPU.Build.0 = Debug|Any CPU
		{2B742ADF-6EB1-40C6-874B-BC64BED6EDDC}.Release|Any CPU.ActiveCfg = Release|Any CPU
		{2B742ADF-6EB1-40C6-874B-BC64BED6EDDC}.Release|Any CPU.Build.0 = Release|Any CPU
		{502CEB9B-82CD-4F2C-B9F2-D4C3CC91A798}.Debug|Any CPU.ActiveCfg = Debug|Any CPU
		{502CEB9B-82CD-4F2C-B9F2-D4C3CC91A798}.Debug|Any CPU.Build.0 = Debug|Any CPU
		{502CEB9B-82CD-4F2C-B9F2-D4C3CC91A798}.Release|Any CPU.ActiveCfg = Release|Any CPU
		{502CEB9B-82CD-4F2C-B9F2-D4C3CC91A798}.Release|Any CPU.Build.0 = Release|Any CPU
	EndGlobalSection
	GlobalSection(SolutionProperties) = preSolution
		HideSolutionNode = FALSE
	EndGlobalSection
EndGlobal
