
Microsoft Visual Studio Solution File, Format Version 12.00
# Visual Studio Version 17
VisualStudioVersion = 17.2.32630.192
MinimumVisualStudioVersion = 10.0.40219.1
Project("{9A19103F-16F7-4668-BE54-9A1E7A4F7556}") = "R5T.F0024.Construction", "R5T.F0024.Construction\R5T.F0024.Construction.csproj", "{388EFF42-1731-4882-9034-63D9D7427904}"
EndProject
Project("{9A19103F-16F7-4668-BE54-9A1E7A4F7556}") = "R5T.F0024", "R5T.F0024\R5T.F0024.csproj", "{5B66AEF0-B035-4D15-8599-3DF6B7F04309}"
EndProject
Project("{2150E333-8FDC-42A3-9474-1A3956D46DE8}") = "_Dependencies", "_Dependencies", "{62C01E13-147E-4FC5-96AE-ED8E1A95E3EC}"
EndProject
Project("{9A19103F-16F7-4668-BE54-9A1E7A4F7556}") = "R5T.T0132", "..\..\R5T.T0132\source\R5T.T0132\R5T.T0132.csproj", "{14C6A696-98D0-4EBA-84B1-DC277158641B}"
EndProject
Project("{9A19103F-16F7-4668-BE54-9A1E7A4F7556}") = "R5T.T0141", "..\..\R5T.T0141\source\R5T.T0141\R5T.T0141.csproj", "{155C0421-A6F1-4915-8D1E-B3A9B78921BF}"
EndProject
Project("{9A19103F-16F7-4668-BE54-9A1E7A4F7556}") = "R5T.F0024.T001", "R5T.F0024.T001\R5T.F0024.T001.csproj", "{43203B5A-DA5C-4CBF-9F7E-CB1E19FC2BDB}"
EndProject
Project("{9A19103F-16F7-4668-BE54-9A1E7A4F7556}") = "R5T.Magyar", "..\..\R5T.Magyar\source\R5T.Magyar\R5T.Magyar.csproj", "{0DFAA7CF-7C50-44B7-86CC-814BB3470EEE}"
EndProject
Project("{9A19103F-16F7-4668-BE54-9A1E7A4F7556}") = "R5T.F0000", "..\..\R5T.F0000\source\R5T.F0000\R5T.F0000.csproj", "{7420021C-C2BD-449D-836F-6500331FF5E3}"
EndProject
Project("{9A19103F-16F7-4668-BE54-9A1E7A4F7556}") = "R5T.Z0000", "..\..\R5T.Z0000\source\R5T.Z0000\R5T.Z0000.csproj", "{661E2ECA-F04E-4F55-B917-F7606FCC4ED0}"
EndProject
Project("{9A19103F-16F7-4668-BE54-9A1E7A4F7556}") = "R5T.T0131", "..\..\R5T.T0131\source\R5T.T0131\R5T.T0131.csproj", "{C1B51E7B-7BEF-41F1-9236-DB65B236781B}"
EndProject
Project("{9A19103F-16F7-4668-BE54-9A1E7A4F7556}") = "R5T.Y0000", "..\..\R5T.Y0000\source\R5T.Y0000\R5T.Y0000.csproj", "{3F5BBBFB-08EF-4A1A-9F58-E17FE85F3742}"
EndProject
Project("{9A19103F-16F7-4668-BE54-9A1E7A4F7556}") = "R5T.Z0009", "..\..\R5T.Z0009\source\R5T.Z0009\R5T.Z0009.csproj", "{43707811-173B-4DD1-B91C-6786CAC9EA06}"
EndProject
Project("{9A19103F-16F7-4668-BE54-9A1E7A4F7556}") = "R5T.F0002", "..\..\R5T.F0002\source\R5T.F0002\R5T.F0002.csproj", "{1B8BB5F9-51B8-4E78-B42B-8E3382640C18}"
EndProject
Project("{9A19103F-16F7-4668-BE54-9A1E7A4F7556}") = "R5T.Z0015", "..\..\R5T.Z0015\source\R5T.Z0015\R5T.Z0015.csproj", "{B42F1960-22A8-44DB-9839-04D93D06B785}"
EndProject
Project("{9A19103F-16F7-4668-BE54-9A1E7A4F7556}") = "R5T.F0033", "..\..\R5T.F0033\source\R5T.F0033\R5T.F0033.csproj", "{0BD5D847-6B52-41F8-961B-B2F98F8437F7}"
EndProject
Project("{9A19103F-16F7-4668-BE54-9A1E7A4F7556}") = "R5T.F0063", "..\..\R5T.F0063\source\R5T.F0063\R5T.F0063.csproj", "{4EE65537-D777-4D09-AC5F-A23C25061408}"
EndProject
Project("{9A19103F-16F7-4668-BE54-9A1E7A4F7556}") = "R5T.F0016", "..\..\R5T.F0016\source\R5T.F0016\R5T.F0016.csproj", "{8CDFBC29-B8C4-4141-B6E3-618B490AA2D8}"
EndProject
Project("{9A19103F-16F7-4668-BE54-9A1E7A4F7556}") = "R5T.F0020", "..\..\R5T.F0020\source\R5T.F0020\R5T.F0020.csproj", "{12CE3F05-3AA4-4F88-969F-FD7F4962B01D}"
EndProject
Project("{9A19103F-16F7-4668-BE54-9A1E7A4F7556}") = "R5T.C0003.F001", "..\..\R5T.C0003\source\R5T.C0003.F001\R5T.C0003.F001.csproj", "{132D1C6F-59E6-41E0-8091-211F772CEF50}"
EndProject
Project("{9A19103F-16F7-4668-BE54-9A1E7A4F7556}") = "R5T.F0061", "..\..\R5T.F0061\source\R5T.F0061\R5T.F0061.csproj", "{A51DAD4A-1815-4A95-9633-99BD2147E12D}"
EndProject
Project("{9A19103F-16F7-4668-BE54-9A1E7A4F7556}") = "R5T.F0032", "..\..\R5T.F0032\source\R5T.F0032\R5T.F0032.csproj", "{BD49B091-DCC0-4505-B5A6-EE72250D8EE0}"
EndProject
Project("{9A19103F-16F7-4668-BE54-9A1E7A4F7556}") = "R5T.F0040.F000", "..\..\R5T.F0040\source\R5T.F0040.F000\R5T.F0040.F000.csproj", "{051465C7-D1F3-40A5-81D2-A0A1A60F6151}"
EndProject
Project("{9A19103F-16F7-4668-BE54-9A1E7A4F7556}") = "R5T.F0059", "..\..\R5T.F0059\source\R5T.F0059\R5T.F0059.csproj", "{EE893D95-6AB5-40C3-A875-41C9B24DECE7}"
EndProject
Project("{9A19103F-16F7-4668-BE54-9A1E7A4F7556}") = "R5T.NG0006", "..\..\R5T.NG0006\source\R5T.NG0006\R5T.NG0006.csproj", "{D2FBE1F2-885F-4565-BA56-82860C89D32A}"
EndProject
Project("{9A19103F-16F7-4668-BE54-9A1E7A4F7556}") = "R5T.NG0008", "..\..\R5T.NG0008\source\R5T.NG0008\R5T.NG0008.csproj", "{F612B496-5B6E-4056-B53A-CED94E5AF6A5}"
EndProject
Project("{9A19103F-16F7-4668-BE54-9A1E7A4F7556}") = "R5T.T0142", "..\..\R5T.T0142\source\R5T.T0142\R5T.T0142.csproj", "{40A41A69-2439-4400-824E-80BB82412716}"
EndProject
Project("{9A19103F-16F7-4668-BE54-9A1E7A4F7556}") = "R5T.T0143", "..\..\R5T.T0143\source\R5T.T0143\R5T.T0143.csproj", "{17102360-4F1B-4821-BB77-4BF8526D51A4}"
EndProject
Project("{9A19103F-16F7-4668-BE54-9A1E7A4F7556}") = "R5T.T0146", "..\..\R5T.T0146\source\R5T.T0146\R5T.T0146.csproj", "{31E65FAE-0D9E-4D8C-B290-42D976B34A80}"
EndProject
Project("{9A19103F-16F7-4668-BE54-9A1E7A4F7556}") = "R5T.Z0008", "..\..\R5T.Z0008\source\R5T.Z0008\R5T.Z0008.csproj", "{C38A4187-53D8-4829-8E15-B87774BD32D4}"
EndProject
Global
	GlobalSection(SolutionConfigurationPlatforms) = preSolution
		Debug|Any CPU = Debug|Any CPU
		Release|Any CPU = Release|Any CPU
	EndGlobalSection
	GlobalSection(ProjectConfigurationPlatforms) = postSolution
		{388EFF42-1731-4882-9034-63D9D7427904}.Debug|Any CPU.ActiveCfg = Debug|Any CPU
		{388EFF42-1731-4882-9034-63D9D7427904}.Debug|Any CPU.Build.0 = Debug|Any CPU
		{388EFF42-1731-4882-9034-63D9D7427904}.Release|Any CPU.ActiveCfg = Release|Any CPU
		{388EFF42-1731-4882-9034-63D9D7427904}.Release|Any CPU.Build.0 = Release|Any CPU
		{5B66AEF0-B035-4D15-8599-3DF6B7F04309}.Debug|Any CPU.ActiveCfg = Debug|Any CPU
		{5B66AEF0-B035-4D15-8599-3DF6B7F04309}.Debug|Any CPU.Build.0 = Debug|Any CPU
		{5B66AEF0-B035-4D15-8599-3DF6B7F04309}.Release|Any CPU.ActiveCfg = Release|Any CPU
		{5B66AEF0-B035-4D15-8599-3DF6B7F04309}.Release|Any CPU.Build.0 = Release|Any CPU
		{14C6A696-98D0-4EBA-84B1-DC277158641B}.Debug|Any CPU.ActiveCfg = Debug|Any CPU
		{14C6A696-98D0-4EBA-84B1-DC277158641B}.Debug|Any CPU.Build.0 = Debug|Any CPU
		{14C6A696-98D0-4EBA-84B1-DC277158641B}.Release|Any CPU.ActiveCfg = Release|Any CPU
		{14C6A696-98D0-4EBA-84B1-DC277158641B}.Release|Any CPU.Build.0 = Release|Any CPU
		{155C0421-A6F1-4915-8D1E-B3A9B78921BF}.Debug|Any CPU.ActiveCfg = Debug|Any CPU
		{155C0421-A6F1-4915-8D1E-B3A9B78921BF}.Debug|Any CPU.Build.0 = Debug|Any CPU
		{155C0421-A6F1-4915-8D1E-B3A9B78921BF}.Release|Any CPU.ActiveCfg = Release|Any CPU
		{155C0421-A6F1-4915-8D1E-B3A9B78921BF}.Release|Any CPU.Build.0 = Release|Any CPU
		{43203B5A-DA5C-4CBF-9F7E-CB1E19FC2BDB}.Debug|Any CPU.ActiveCfg = Debug|Any CPU
		{43203B5A-DA5C-4CBF-9F7E-CB1E19FC2BDB}.Debug|Any CPU.Build.0 = Debug|Any CPU
		{43203B5A-DA5C-4CBF-9F7E-CB1E19FC2BDB}.Release|Any CPU.ActiveCfg = Release|Any CPU
		{43203B5A-DA5C-4CBF-9F7E-CB1E19FC2BDB}.Release|Any CPU.Build.0 = Release|Any CPU
		{0DFAA7CF-7C50-44B7-86CC-814BB3470EEE}.Debug|Any CPU.ActiveCfg = Debug|Any CPU
		{0DFAA7CF-7C50-44B7-86CC-814BB3470EEE}.Debug|Any CPU.Build.0 = Debug|Any CPU
		{0DFAA7CF-7C50-44B7-86CC-814BB3470EEE}.Release|Any CPU.ActiveCfg = Release|Any CPU
		{0DFAA7CF-7C50-44B7-86CC-814BB3470EEE}.Release|Any CPU.Build.0 = Release|Any CPU
		{7420021C-C2BD-449D-836F-6500331FF5E3}.Debug|Any CPU.ActiveCfg = Debug|Any CPU
		{7420021C-C2BD-449D-836F-6500331FF5E3}.Debug|Any CPU.Build.0 = Debug|Any CPU
		{7420021C-C2BD-449D-836F-6500331FF5E3}.Release|Any CPU.ActiveCfg = Release|Any CPU
		{7420021C-C2BD-449D-836F-6500331FF5E3}.Release|Any CPU.Build.0 = Release|Any CPU
		{661E2ECA-F04E-4F55-B917-F7606FCC4ED0}.Debug|Any CPU.ActiveCfg = Debug|Any CPU
		{661E2ECA-F04E-4F55-B917-F7606FCC4ED0}.Debug|Any CPU.Build.0 = Debug|Any CPU
		{661E2ECA-F04E-4F55-B917-F7606FCC4ED0}.Release|Any CPU.ActiveCfg = Release|Any CPU
		{661E2ECA-F04E-4F55-B917-F7606FCC4ED0}.Release|Any CPU.Build.0 = Release|Any CPU
		{C1B51E7B-7BEF-41F1-9236-DB65B236781B}.Debug|Any CPU.ActiveCfg = Debug|Any CPU
		{C1B51E7B-7BEF-41F1-9236-DB65B236781B}.Debug|Any CPU.Build.0 = Debug|Any CPU
		{C1B51E7B-7BEF-41F1-9236-DB65B236781B}.Release|Any CPU.ActiveCfg = Release|Any CPU
		{C1B51E7B-7BEF-41F1-9236-DB65B236781B}.Release|Any CPU.Build.0 = Release|Any CPU
		{3F5BBBFB-08EF-4A1A-9F58-E17FE85F3742}.Debug|Any CPU.ActiveCfg = Debug|Any CPU
		{3F5BBBFB-08EF-4A1A-9F58-E17FE85F3742}.Debug|Any CPU.Build.0 = Debug|Any CPU
		{3F5BBBFB-08EF-4A1A-9F58-E17FE85F3742}.Release|Any CPU.ActiveCfg = Release|Any CPU
		{3F5BBBFB-08EF-4A1A-9F58-E17FE85F3742}.Release|Any CPU.Build.0 = Release|Any CPU
		{43707811-173B-4DD1-B91C-6786CAC9EA06}.Debug|Any CPU.ActiveCfg = Debug|Any CPU
		{43707811-173B-4DD1-B91C-6786CAC9EA06}.Debug|Any CPU.Build.0 = Debug|Any CPU
		{43707811-173B-4DD1-B91C-6786CAC9EA06}.Release|Any CPU.ActiveCfg = Release|Any CPU
		{43707811-173B-4DD1-B91C-6786CAC9EA06}.Release|Any CPU.Build.0 = Release|Any CPU
		{1B8BB5F9-51B8-4E78-B42B-8E3382640C18}.Debug|Any CPU.ActiveCfg = Debug|Any CPU
		{1B8BB5F9-51B8-4E78-B42B-8E3382640C18}.Debug|Any CPU.Build.0 = Debug|Any CPU
		{1B8BB5F9-51B8-4E78-B42B-8E3382640C18}.Release|Any CPU.ActiveCfg = Release|Any CPU
		{1B8BB5F9-51B8-4E78-B42B-8E3382640C18}.Release|Any CPU.Build.0 = Release|Any CPU
		{B42F1960-22A8-44DB-9839-04D93D06B785}.Debug|Any CPU.ActiveCfg = Debug|Any CPU
		{B42F1960-22A8-44DB-9839-04D93D06B785}.Debug|Any CPU.Build.0 = Debug|Any CPU
		{B42F1960-22A8-44DB-9839-04D93D06B785}.Release|Any CPU.ActiveCfg = Release|Any CPU
		{B42F1960-22A8-44DB-9839-04D93D06B785}.Release|Any CPU.Build.0 = Release|Any CPU
		{0BD5D847-6B52-41F8-961B-B2F98F8437F7}.Debug|Any CPU.ActiveCfg = Debug|Any CPU
		{0BD5D847-6B52-41F8-961B-B2F98F8437F7}.Debug|Any CPU.Build.0 = Debug|Any CPU
		{0BD5D847-6B52-41F8-961B-B2F98F8437F7}.Release|Any CPU.ActiveCfg = Release|Any CPU
		{0BD5D847-6B52-41F8-961B-B2F98F8437F7}.Release|Any CPU.Build.0 = Release|Any CPU
		{4EE65537-D777-4D09-AC5F-A23C25061408}.Debug|Any CPU.ActiveCfg = Debug|Any CPU
		{4EE65537-D777-4D09-AC5F-A23C25061408}.Debug|Any CPU.Build.0 = Debug|Any CPU
		{4EE65537-D777-4D09-AC5F-A23C25061408}.Release|Any CPU.ActiveCfg = Release|Any CPU
		{4EE65537-D777-4D09-AC5F-A23C25061408}.Release|Any CPU.Build.0 = Release|Any CPU
		{8CDFBC29-B8C4-4141-B6E3-618B490AA2D8}.Debug|Any CPU.ActiveCfg = Debug|Any CPU
		{8CDFBC29-B8C4-4141-B6E3-618B490AA2D8}.Debug|Any CPU.Build.0 = Debug|Any CPU
		{8CDFBC29-B8C4-4141-B6E3-618B490AA2D8}.Release|Any CPU.ActiveCfg = Release|Any CPU
		{8CDFBC29-B8C4-4141-B6E3-618B490AA2D8}.Release|Any CPU.Build.0 = Release|Any CPU
		{12CE3F05-3AA4-4F88-969F-FD7F4962B01D}.Debug|Any CPU.ActiveCfg = Debug|Any CPU
		{12CE3F05-3AA4-4F88-969F-FD7F4962B01D}.Debug|Any CPU.Build.0 = Debug|Any CPU
		{12CE3F05-3AA4-4F88-969F-FD7F4962B01D}.Release|Any CPU.ActiveCfg = Release|Any CPU
		{12CE3F05-3AA4-4F88-969F-FD7F4962B01D}.Release|Any CPU.Build.0 = Release|Any CPU
		{132D1C6F-59E6-41E0-8091-211F772CEF50}.Debug|Any CPU.ActiveCfg = Debug|Any CPU
		{132D1C6F-59E6-41E0-8091-211F772CEF50}.Debug|Any CPU.Build.0 = Debug|Any CPU
		{132D1C6F-59E6-41E0-8091-211F772CEF50}.Release|Any CPU.ActiveCfg = Release|Any CPU
		{132D1C6F-59E6-41E0-8091-211F772CEF50}.Release|Any CPU.Build.0 = Release|Any CPU
		{A51DAD4A-1815-4A95-9633-99BD2147E12D}.Debug|Any CPU.ActiveCfg = Debug|Any CPU
		{A51DAD4A-1815-4A95-9633-99BD2147E12D}.Debug|Any CPU.Build.0 = Debug|Any CPU
		{A51DAD4A-1815-4A95-9633-99BD2147E12D}.Release|Any CPU.ActiveCfg = Release|Any CPU
		{A51DAD4A-1815-4A95-9633-99BD2147E12D}.Release|Any CPU.Build.0 = Release|Any CPU
		{BD49B091-DCC0-4505-B5A6-EE72250D8EE0}.Debug|Any CPU.ActiveCfg = Debug|Any CPU
		{BD49B091-DCC0-4505-B5A6-EE72250D8EE0}.Debug|Any CPU.Build.0 = Debug|Any CPU
		{BD49B091-DCC0-4505-B5A6-EE72250D8EE0}.Release|Any CPU.ActiveCfg = Release|Any CPU
		{BD49B091-DCC0-4505-B5A6-EE72250D8EE0}.Release|Any CPU.Build.0 = Release|Any CPU
		{051465C7-D1F3-40A5-81D2-A0A1A60F6151}.Debug|Any CPU.ActiveCfg = Debug|Any CPU
		{051465C7-D1F3-40A5-81D2-A0A1A60F6151}.Debug|Any CPU.Build.0 = Debug|Any CPU
		{051465C7-D1F3-40A5-81D2-A0A1A60F6151}.Release|Any CPU.ActiveCfg = Release|Any CPU
		{051465C7-D1F3-40A5-81D2-A0A1A60F6151}.Release|Any CPU.Build.0 = Release|Any CPU
		{EE893D95-6AB5-40C3-A875-41C9B24DECE7}.Debug|Any CPU.ActiveCfg = Debug|Any CPU
		{EE893D95-6AB5-40C3-A875-41C9B24DECE7}.Debug|Any CPU.Build.0 = Debug|Any CPU
		{EE893D95-6AB5-40C3-A875-41C9B24DECE7}.Release|Any CPU.ActiveCfg = Release|Any CPU
		{EE893D95-6AB5-40C3-A875-41C9B24DECE7}.Release|Any CPU.Build.0 = Release|Any CPU
		{D2FBE1F2-885F-4565-BA56-82860C89D32A}.Debug|Any CPU.ActiveCfg = Debug|Any CPU
		{D2FBE1F2-885F-4565-BA56-82860C89D32A}.Debug|Any CPU.Build.0 = Debug|Any CPU
		{D2FBE1F2-885F-4565-BA56-82860C89D32A}.Release|Any CPU.ActiveCfg = Release|Any CPU
		{D2FBE1F2-885F-4565-BA56-82860C89D32A}.Release|Any CPU.Build.0 = Release|Any CPU
		{F612B496-5B6E-4056-B53A-CED94E5AF6A5}.Debug|Any CPU.ActiveCfg = Debug|Any CPU
		{F612B496-5B6E-4056-B53A-CED94E5AF6A5}.Debug|Any CPU.Build.0 = Debug|Any CPU
		{F612B496-5B6E-4056-B53A-CED94E5AF6A5}.Release|Any CPU.ActiveCfg = Release|Any CPU
		{F612B496-5B6E-4056-B53A-CED94E5AF6A5}.Release|Any CPU.Build.0 = Release|Any CPU
		{40A41A69-2439-4400-824E-80BB82412716}.Debug|Any CPU.ActiveCfg = Debug|Any CPU
		{40A41A69-2439-4400-824E-80BB82412716}.Debug|Any CPU.Build.0 = Debug|Any CPU
		{40A41A69-2439-4400-824E-80BB82412716}.Release|Any CPU.ActiveCfg = Release|Any CPU
		{40A41A69-2439-4400-824E-80BB82412716}.Release|Any CPU.Build.0 = Release|Any CPU
		{17102360-4F1B-4821-BB77-4BF8526D51A4}.Debug|Any CPU.ActiveCfg = Debug|Any CPU
		{17102360-4F1B-4821-BB77-4BF8526D51A4}.Debug|Any CPU.Build.0 = Debug|Any CPU
		{17102360-4F1B-4821-BB77-4BF8526D51A4}.Release|Any CPU.ActiveCfg = Release|Any CPU
		{17102360-4F1B-4821-BB77-4BF8526D51A4}.Release|Any CPU.Build.0 = Release|Any CPU
		{31E65FAE-0D9E-4D8C-B290-42D976B34A80}.Debug|Any CPU.ActiveCfg = Debug|Any CPU
		{31E65FAE-0D9E-4D8C-B290-42D976B34A80}.Debug|Any CPU.Build.0 = Debug|Any CPU
		{31E65FAE-0D9E-4D8C-B290-42D976B34A80}.Release|Any CPU.ActiveCfg = Release|Any CPU
		{31E65FAE-0D9E-4D8C-B290-42D976B34A80}.Release|Any CPU.Build.0 = Release|Any CPU
		{C38A4187-53D8-4829-8E15-B87774BD32D4}.Debug|Any CPU.ActiveCfg = Debug|Any CPU
		{C38A4187-53D8-4829-8E15-B87774BD32D4}.Debug|Any CPU.Build.0 = Debug|Any CPU
		{C38A4187-53D8-4829-8E15-B87774BD32D4}.Release|Any CPU.ActiveCfg = Release|Any CPU
		{C38A4187-53D8-4829-8E15-B87774BD32D4}.Release|Any CPU.Build.0 = Release|Any CPU
	EndGlobalSection
	GlobalSection(SolutionProperties) = preSolution
		HideSolutionNode = FALSE
	EndGlobalSection
	GlobalSection(NestedProjects) = preSolution
		{14C6A696-98D0-4EBA-84B1-DC277158641B} = {62C01E13-147E-4FC5-96AE-ED8E1A95E3EC}
		{155C0421-A6F1-4915-8D1E-B3A9B78921BF} = {62C01E13-147E-4FC5-96AE-ED8E1A95E3EC}
		{0DFAA7CF-7C50-44B7-86CC-814BB3470EEE} = {62C01E13-147E-4FC5-96AE-ED8E1A95E3EC}
		{7420021C-C2BD-449D-836F-6500331FF5E3} = {62C01E13-147E-4FC5-96AE-ED8E1A95E3EC}
		{661E2ECA-F04E-4F55-B917-F7606FCC4ED0} = {62C01E13-147E-4FC5-96AE-ED8E1A95E3EC}
		{C1B51E7B-7BEF-41F1-9236-DB65B236781B} = {62C01E13-147E-4FC5-96AE-ED8E1A95E3EC}
		{3F5BBBFB-08EF-4A1A-9F58-E17FE85F3742} = {62C01E13-147E-4FC5-96AE-ED8E1A95E3EC}
		{43707811-173B-4DD1-B91C-6786CAC9EA06} = {62C01E13-147E-4FC5-96AE-ED8E1A95E3EC}
		{1B8BB5F9-51B8-4E78-B42B-8E3382640C18} = {62C01E13-147E-4FC5-96AE-ED8E1A95E3EC}
		{B42F1960-22A8-44DB-9839-04D93D06B785} = {62C01E13-147E-4FC5-96AE-ED8E1A95E3EC}
		{0BD5D847-6B52-41F8-961B-B2F98F8437F7} = {62C01E13-147E-4FC5-96AE-ED8E1A95E3EC}
		{4EE65537-D777-4D09-AC5F-A23C25061408} = {62C01E13-147E-4FC5-96AE-ED8E1A95E3EC}
		{8CDFBC29-B8C4-4141-B6E3-618B490AA2D8} = {62C01E13-147E-4FC5-96AE-ED8E1A95E3EC}
		{12CE3F05-3AA4-4F88-969F-FD7F4962B01D} = {62C01E13-147E-4FC5-96AE-ED8E1A95E3EC}
		{132D1C6F-59E6-41E0-8091-211F772CEF50} = {62C01E13-147E-4FC5-96AE-ED8E1A95E3EC}
		{A51DAD4A-1815-4A95-9633-99BD2147E12D} = {62C01E13-147E-4FC5-96AE-ED8E1A95E3EC}
		{BD49B091-DCC0-4505-B5A6-EE72250D8EE0} = {62C01E13-147E-4FC5-96AE-ED8E1A95E3EC}
		{051465C7-D1F3-40A5-81D2-A0A1A60F6151} = {62C01E13-147E-4FC5-96AE-ED8E1A95E3EC}
		{EE893D95-6AB5-40C3-A875-41C9B24DECE7} = {62C01E13-147E-4FC5-96AE-ED8E1A95E3EC}
		{D2FBE1F2-885F-4565-BA56-82860C89D32A} = {62C01E13-147E-4FC5-96AE-ED8E1A95E3EC}
		{F612B496-5B6E-4056-B53A-CED94E5AF6A5} = {62C01E13-147E-4FC5-96AE-ED8E1A95E3EC}
		{40A41A69-2439-4400-824E-80BB82412716} = {62C01E13-147E-4FC5-96AE-ED8E1A95E3EC}
		{17102360-4F1B-4821-BB77-4BF8526D51A4} = {62C01E13-147E-4FC5-96AE-ED8E1A95E3EC}
		{31E65FAE-0D9E-4D8C-B290-42D976B34A80} = {62C01E13-147E-4FC5-96AE-ED8E1A95E3EC}
		{C38A4187-53D8-4829-8E15-B87774BD32D4} = {62C01E13-147E-4FC5-96AE-ED8E1A95E3EC}
	EndGlobalSection
	GlobalSection(ExtensibilityGlobals) = postSolution
		SolutionGuid = {A26EE808-8E7B-4BEE-B362-21761295B9A1}
	EndGlobalSection
EndGlobal
