
Microsoft Visual Studio Solution File, Format Version 12.00
# Visual Studio Version 16
VisualStudioVersion = 16.0.30114.105
MinimumVisualStudioVersion = 10.0.40219.1
Project("{9A19103F-16F7-4668-BE54-9A1E7A4F7556}") = "R5T.F0024.Construction", "R5T.F0024.Construction\R5T.F0024.Construction.csproj", "{388EFF42-1731-4882-9034-63D9D7427904}"
EndProject
Project("{9A19103F-16F7-4668-BE54-9A1E7A4F7556}") = "R5T.F0024", "R5T.F0024\R5T.F0024.csproj", "{5B66AEF0-B035-4D15-8599-3DF6B7F04309}"
EndProject
Project("{2150E333-8FDC-42A3-9474-1A3956D46DE8}") = "_Dependencies", "_Dependencies", "{62C01E13-147E-4FC5-96AE-ED8E1A95E3EC}"
EndProject
Project("{9A19103F-16F7-4668-BE54-9A1E7A4F7556}") = "R5T.T0132", "..\..\R5T.T0132\source\R5T.T0132\R5T.T0132.csproj", "{14C6A696-98D0-4EBA-84B1-DC277158641B}"
EndProject
Project("{9A19103F-16F7-4668-BE54-9A1E7A4F7556}") = "R5T.T0141", "..\..\R5T.T0141\source\R5T.T0141\R5T.T0141.csproj", "{155C0421-A6F1-4915-8D1E-B3A9B78921BF}"
EndProject
Global
	GlobalSection(SolutionConfigurationPlatforms) = preSolution
		Debug|Any CPU = Debug|Any CPU
		Release|Any CPU = Release|Any CPU
	EndGlobalSection
	GlobalSection(ProjectConfigurationPlatforms) = postSolution
		{388EFF42-1731-4882-9034-63D9D7427904}.Debug|Any CPU.ActiveCfg = Debug|Any CPU
		{388EFF42-1731-4882-9034-63D9D7427904}.Debug|Any CPU.Build.0 = Debug|Any CPU
		{388EFF42-1731-4882-9034-63D9D7427904}.Release|Any CPU.ActiveCfg = Release|Any CPU
		{388EFF42-1731-4882-9034-63D9D7427904}.Release|Any CPU.Build.0 = Release|Any CPU
		{5B66AEF0-B035-4D15-8599-3DF6B7F04309}.Debug|Any CPU.ActiveCfg = Debug|Any CPU
		{5B66AEF0-B035-4D15-8599-3DF6B7F04309}.Debug|Any CPU.Build.0 = Debug|Any CPU
		{5B66AEF0-B035-4D15-8599-3DF6B7F04309}.Release|Any CPU.ActiveCfg = Release|Any CPU
		{5B66AEF0-B035-4D15-8599-3DF6B7F04309}.Release|Any CPU.Build.0 = Release|Any CPU
		{14C6A696-98D0-4EBA-84B1-DC277158641B}.Debug|Any CPU.ActiveCfg = Debug|Any CPU
		{14C6A696-98D0-4EBA-84B1-DC277158641B}.Debug|Any CPU.Build.0 = Debug|Any CPU
		{14C6A696-98D0-4EBA-84B1-DC277158641B}.Release|Any CPU.ActiveCfg = Release|Any CPU
		{14C6A696-98D0-4EBA-84B1-DC277158641B}.Release|Any CPU.Build.0 = Release|Any CPU
		{155C0421-A6F1-4915-8D1E-B3A9B78921BF}.Debug|Any CPU.ActiveCfg = Debug|Any CPU
		{155C0421-A6F1-4915-8D1E-B3A9B78921BF}.Debug|Any CPU.Build.0 = Debug|Any CPU
		{155C0421-A6F1-4915-8D1E-B3A9B78921BF}.Release|Any CPU.ActiveCfg = Release|Any CPU
		{155C0421-A6F1-4915-8D1E-B3A9B78921BF}.Release|Any CPU.Build.0 = Release|Any CPU
	EndGlobalSection
	GlobalSection(SolutionProperties) = preSolution
		HideSolutionNode = FALSE
	EndGlobalSection
	GlobalSection(NestedProjects) = preSolution
		{14C6A696-98D0-4EBA-84B1-DC277158641B} = {62C01E13-147E-4FC5-96AE-ED8E1A95E3EC}
		{155C0421-A6F1-4915-8D1E-B3A9B78921BF} = {62C01E13-147E-4FC5-96AE-ED8E1A95E3EC}
	EndGlobalSection
	GlobalSection(ExtensibilityGlobals) = postSolution
		SolutionGuid = {A26EE808-8E7B-4BEE-B362-21761295B9A1}
	EndGlobalSection
EndGlobal
