
Microsoft Visual Studio Solution File, Format Version 12.00
# Visual Studio Version 16
VisualStudioVersion = 16.0.30114.105
MinimumVisualStudioVersion = 10.0.40219.1
Project("{9A19103F-16F7-4668-BE54-9A1E7A4F7556}") = "R5T.F0024", "R5T.F0024\R5T.F0024.csproj", "{5B66AEF0-B035-4D15-8599-3DF6B7F04309}"
EndProject
Project("{2150E333-8FDC-42A3-9474-1A3956D46DE8}") = "_Dependencies", "_Dependencies", "{62C01E13-147E-4FC5-96AE-ED8E1A95E3EC}"
EndProject
Project("{9A19103F-16F7-4668-BE54-9A1E7A4F7556}") = "R5T.T0132", "..\..\R5T.T0132\source\R5T.T0132\R5T.T0132.csproj", "{14C6A696-98D0-4EBA-84B1-DC277158641B}"
EndProject
Project("{9A19103F-16F7-4668-BE54-9A1E7A4F7556}") = "R5T.T0141", "..\..\R5T.T0141\source\R5T.T0141\R5T.T0141.csproj", "{155C0421-A6F1-4915-8D1E-B3A9B78921BF}"
EndProject
Project("{9A19103F-16F7-4668-BE54-9A1E7A4F7556}") = "R5T.F0024.T001", "R5T.F0024.T001\R5T.F0024.T001.csproj", "{43203B5A-DA5C-4CBF-9F7E-CB1E19FC2BDB}"
EndProject
Project("{9A19103F-16F7-4668-BE54-9A1E7A4F7556}") = "R5T.Magyar", "..\..\R5T.Magyar\source\R5T.Magyar\R5T.Magyar.csproj", "{0DFAA7CF-7C50-44B7-86CC-814BB3470EEE}"
EndProject
Project("{9A19103F-16F7-4668-BE54-9A1E7A4F7556}") = "R5T.F0000", "..\..\R5T.F0000\source\R5T.F0000\R5T.F0000.csproj", "{7420021C-C2BD-449D-836F-6500331FF5E3}"
EndProject
Project("{9A19103F-16F7-4668-BE54-9A1E7A4F7556}") = "R5T.Z0000", "..\..\R5T.Z0000\source\R5T.Z0000\R5T.Z0000.csproj", "{661E2ECA-F04E-4F55-B917-F7606FCC4ED0}"
EndProject
Project("{9A19103F-16F7-4668-BE54-9A1E7A4F7556}") = "R5T.T0131", "..\..\R5T.T0131\source\R5T.T0131\R5T.T0131.csproj", "{C1B51E7B-7BEF-41F1-9236-DB65B236781B}"
EndProject
Project("{9A19103F-16F7-4668-BE54-9A1E7A4F7556}") = "R5T.Y0000", "..\..\R5T.Y0000\source\R5T.Y0000\R5T.Y0000.csproj", "{3F5BBBFB-08EF-4A1A-9F58-E17FE85F3742}"
EndProject
Project("{9A19103F-16F7-4668-BE54-9A1E7A4F7556}") = "R5T.F0024.V000", "R5T.F0024.V000\R5T.F0024.V000.csproj", "{7A7FF0D0-1A96-498A-87A5-B79C9E40DEAD}"
EndProject
Project("{9A19103F-16F7-4668-BE54-9A1E7A4F7556}") = "R5T.L0020", "..\..\R5T.L0020\source\R5T.L0020\R5T.L0020.csproj", "{729461EF-1A1B-4485-8A77-6EFE4D9D50CB}"
EndProject
Project("{9A19103F-16F7-4668-BE54-9A1E7A4F7556}") = "R5T.T0119.X001", "..\..\R5T.T0119\source\R5T.T0119.X001\R5T.T0119.X001.csproj", "{C79733AB-87E5-4CB7-8C94-5AA0C2DE8099}"
EndProject
Project("{9A19103F-16F7-4668-BE54-9A1E7A4F7556}") = "R5T.T0119", "..\..\R5T.T0119\source\R5T.T0119\R5T.T0119.csproj", "{7300E664-2D7F-451D-8259-293E4133692E}"
EndProject
Project("{9A19103F-16F7-4668-BE54-9A1E7A4F7556}") = "R5T.T0039.T002", "..\..\R5T.T0039\source\R5T.T0039.T002\R5T.T0039.T002.csproj", "{29F1B352-363B-49AA-8BD9-5E6CC979CA03}"
EndProject
Project("{9A19103F-16F7-4668-BE54-9A1E7A4F7556}") = "R5T.T0120.X002", "..\..\R5T.T0120\source\R5T.T0120.X002\R5T.T0120.X002.csproj", "{047E7683-C141-4330-A569-34FC60410F2B}"
EndProject
Project("{9A19103F-16F7-4668-BE54-9A1E7A4F7556}") = "R5T.T0120", "..\..\R5T.T0120\source\R5T.T0120\R5T.T0120.csproj", "{7FA46D43-B047-4F2D-9B8A-9B485844B552}"
EndProject
Project("{9A19103F-16F7-4668-BE54-9A1E7A4F7556}") = "R5T.Z0008", "..\..\R5T.Z0008\source\R5T.Z0008\R5T.Z0008.csproj", "{61D23E8A-22DC-4C95-A0FA-03D1B2005557}"
EndProject
Project("{9A19103F-16F7-4668-BE54-9A1E7A4F7556}") = "R5T.F0002", "..\..\R5T.F0002\source\R5T.F0002\R5T.F0002.csproj", "{A64472D7-1EF1-402F-8BE0-21766F08494A}"
EndProject
Project("{9A19103F-16F7-4668-BE54-9A1E7A4F7556}") = "R5T.F0000.T000", "..\..\R5T.F0000\source\R5T.F0000.T000\R5T.F0000.T000.csproj", "{2C852885-6A2C-433B-97FE-1002335BF16B}"
EndProject
Project("{9A19103F-16F7-4668-BE54-9A1E7A4F7556}") = "R5T.F0024.F001", "R5T.F0024.F001\R5T.F0024.F001.csproj", "{193A0780-405A-4C44-BFAE-760B09ADFA1D}"
EndProject
Project("{9A19103F-16F7-4668-BE54-9A1E7A4F7556}") = "R5T.L0053", "..\..\R5T.L0053\source\R5T.L0053\R5T.L0053.csproj", "{A590D951-1799-46BE-8678-D0C26F78934C}"
EndProject
Project("{9A19103F-16F7-4668-BE54-9A1E7A4F7556}") = "R5T.L0066", "..\..\R5T.L0066\source\R5T.L0066\R5T.L0066.csproj", "{245E6BFC-C595-470E-B8C1-CC7C6B9F099C}"
EndProject
Project("{9A19103F-16F7-4668-BE54-9A1E7A4F7556}") = "R5T.T0142", "..\..\R5T.T0142\source\R5T.T0142\R5T.T0142.csproj", "{77043735-BEE8-43D7-A9BB-4479F4A8BB0B}"
EndProject
Project("{9A19103F-16F7-4668-BE54-9A1E7A4F7556}") = "R5T.T0143", "..\..\R5T.T0143\source\R5T.T0143\R5T.T0143.csproj", "{BD20BDDA-9E23-4B25-97A9-3467AB50B800}"
EndProject
Project("{9A19103F-16F7-4668-BE54-9A1E7A4F7556}") = "R5T.T0156", "..\..\R5T.T0156\source\R5T.T0156\R5T.T0156.csproj", "{FA366EDB-9F6A-4DE5-B715-8D4A837B7425}"
EndProject
Project("{9A19103F-16F7-4668-BE54-9A1E7A4F7556}") = "R5T.T0178", "..\..\R5T.T0178\source\R5T.T0178\R5T.T0178.csproj", "{3F6A4D2D-FC2C-43DA-BFD9-B7AB8876BECE}"
EndProject
Project("{9A19103F-16F7-4668-BE54-9A1E7A4F7556}") = "R5T.T0179", "..\..\R5T.T0179\source\R5T.T0179\R5T.T0179.csproj", "{586E7393-199C-4AAD-B685-D5EE3A188602}"
EndProject
Project("{9A19103F-16F7-4668-BE54-9A1E7A4F7556}") = "R5T.T0221", "..\..\R5T.T0221\source\R5T.T0221\R5T.T0221.csproj", "{4670C597-82BB-440A-8DDE-B6954C4C728A}"
EndProject
Project("{9A19103F-16F7-4668-BE54-9A1E7A4F7556}") = "R5T.Y0006", "..\..\R5T.Y0006\source\R5T.Y0006\R5T.Y0006.csproj", "{97A9D791-94FE-4713-B993-B3A8C83263AF}"
EndProject
Project("{9A19103F-16F7-4668-BE54-9A1E7A4F7556}") = "R5T.Z0009", "..\..\R5T.Z0009\source\R5T.Z0009\R5T.Z0009.csproj", "{2B6BB075-25BD-4F0A-BF3F-5C3EC9665C65}"
EndProject
Project("{9A19103F-16F7-4668-BE54-9A1E7A4F7556}") = "R5T.Z0010.Platform", "..\..\R5T.Z0010\source\R5T.Z0010.Platform\R5T.Z0010.Platform.csproj", "{5F688B27-EA6D-4B7F-83FE-4FCCF7E98F70}"
EndProject
Global
	GlobalSection(NestedProjects) = preSolution
		{14C6A696-98D0-4EBA-84B1-DC277158641B} = {62C01E13-147E-4FC5-96AE-ED8E1A95E3EC}
		{155C0421-A6F1-4915-8D1E-B3A9B78921BF} = {62C01E13-147E-4FC5-96AE-ED8E1A95E3EC}
		{43203B5A-DA5C-4CBF-9F7E-CB1E19FC2BDB} = {62C01E13-147E-4FC5-96AE-ED8E1A95E3EC}
		{0DFAA7CF-7C50-44B7-86CC-814BB3470EEE} = {62C01E13-147E-4FC5-96AE-ED8E1A95E3EC}
		{7420021C-C2BD-449D-836F-6500331FF5E3} = {62C01E13-147E-4FC5-96AE-ED8E1A95E3EC}
		{661E2ECA-F04E-4F55-B917-F7606FCC4ED0} = {62C01E13-147E-4FC5-96AE-ED8E1A95E3EC}
		{C1B51E7B-7BEF-41F1-9236-DB65B236781B} = {62C01E13-147E-4FC5-96AE-ED8E1A95E3EC}
		{3F5BBBFB-08EF-4A1A-9F58-E17FE85F3742} = {62C01E13-147E-4FC5-96AE-ED8E1A95E3EC}
		{729461EF-1A1B-4485-8A77-6EFE4D9D50CB} = {62C01E13-147E-4FC5-96AE-ED8E1A95E3EC}
		{C79733AB-87E5-4CB7-8C94-5AA0C2DE8099} = {62C01E13-147E-4FC5-96AE-ED8E1A95E3EC}
		{7300E664-2D7F-451D-8259-293E4133692E} = {62C01E13-147E-4FC5-96AE-ED8E1A95E3EC}
		{29F1B352-363B-49AA-8BD9-5E6CC979CA03} = {62C01E13-147E-4FC5-96AE-ED8E1A95E3EC}
		{047E7683-C141-4330-A569-34FC60410F2B} = {62C01E13-147E-4FC5-96AE-ED8E1A95E3EC}
		{7FA46D43-B047-4F2D-9B8A-9B485844B552} = {62C01E13-147E-4FC5-96AE-ED8E1A95E3EC}
		{61D23E8A-22DC-4C95-A0FA-03D1B2005557} = {62C01E13-147E-4FC5-96AE-ED8E1A95E3EC}
		{A64472D7-1EF1-402F-8BE0-21766F08494A} = {62C01E13-147E-4FC5-96AE-ED8E1A95E3EC}
		{2C852885-6A2C-433B-97FE-1002335BF16B} = {62C01E13-147E-4FC5-96AE-ED8E1A95E3EC}
		{193A0780-405A-4C44-BFAE-760B09ADFA1D} = {62C01E13-147E-4FC5-96AE-ED8E1A95E3EC}
		{A590D951-1799-46BE-8678-D0C26F78934C} = {62C01E13-147E-4FC5-96AE-ED8E1A95E3EC}
		{245E6BFC-C595-470E-B8C1-CC7C6B9F099C} = {62C01E13-147E-4FC5-96AE-ED8E1A95E3EC}
		{77043735-BEE8-43D7-A9BB-4479F4A8BB0B} = {62C01E13-147E-4FC5-96AE-ED8E1A95E3EC}
		{BD20BDDA-9E23-4B25-97A9-3467AB50B800} = {62C01E13-147E-4FC5-96AE-ED8E1A95E3EC}
		{FA366EDB-9F6A-4DE5-B715-8D4A837B7425} = {62C01E13-147E-4FC5-96AE-ED8E1A95E3EC}
		{3F6A4D2D-FC2C-43DA-BFD9-B7AB8876BECE} = {62C01E13-147E-4FC5-96AE-ED8E1A95E3EC}
		{586E7393-199C-4AAD-B685-D5EE3A188602} = {62C01E13-147E-4FC5-96AE-ED8E1A95E3EC}
		{4670C597-82BB-440A-8DDE-B6954C4C728A} = {62C01E13-147E-4FC5-96AE-ED8E1A95E3EC}
		{97A9D791-94FE-4713-B993-B3A8C83263AF} = {62C01E13-147E-4FC5-96AE-ED8E1A95E3EC}
		{2B6BB075-25BD-4F0A-BF3F-5C3EC9665C65} = {62C01E13-147E-4FC5-96AE-ED8E1A95E3EC}
		{5F688B27-EA6D-4B7F-83FE-4FCCF7E98F70} = {62C01E13-147E-4FC5-96AE-ED8E1A95E3EC}
	EndGlobalSection
	GlobalSection(SolutionConfigurationPlatforms) = preSolution
		Debug|Any CPU = Debug|Any CPU
		Release|Any CPU = Release|Any CPU
	EndGlobalSection
	GlobalSection(ProjectConfigurationPlatforms) = postSolution
		{5B66AEF0-B035-4D15-8599-3DF6B7F04309}.Debug|Any CPU.ActiveCfg = Debug|Any CPU
		{5B66AEF0-B035-4D15-8599-3DF6B7F04309}.Debug|Any CPU.Build.0 = Debug|Any CPU
		{5B66AEF0-B035-4D15-8599-3DF6B7F04309}.Release|Any CPU.ActiveCfg = Release|Any CPU
		{5B66AEF0-B035-4D15-8599-3DF6B7F04309}.Release|Any CPU.Build.0 = Release|Any CPU
		{14C6A696-98D0-4EBA-84B1-DC277158641B}.Debug|Any CPU.ActiveCfg = Debug|Any CPU
		{14C6A696-98D0-4EBA-84B1-DC277158641B}.Debug|Any CPU.Build.0 = Debug|Any CPU
		{14C6A696-98D0-4EBA-84B1-DC277158641B}.Release|Any CPU.ActiveCfg = Release|Any CPU
		{14C6A696-98D0-4EBA-84B1-DC277158641B}.Release|Any CPU.Build.0 = Release|Any CPU
		{155C0421-A6F1-4915-8D1E-B3A9B78921BF}.Debug|Any CPU.ActiveCfg = Debug|Any CPU
		{155C0421-A6F1-4915-8D1E-B3A9B78921BF}.Debug|Any CPU.Build.0 = Debug|Any CPU
		{155C0421-A6F1-4915-8D1E-B3A9B78921BF}.Release|Any CPU.ActiveCfg = Release|Any CPU
		{155C0421-A6F1-4915-8D1E-B3A9B78921BF}.Release|Any CPU.Build.0 = Release|Any CPU
		{43203B5A-DA5C-4CBF-9F7E-CB1E19FC2BDB}.Debug|Any CPU.ActiveCfg = Debug|Any CPU
		{43203B5A-DA5C-4CBF-9F7E-CB1E19FC2BDB}.Debug|Any CPU.Build.0 = Debug|Any CPU
		{43203B5A-DA5C-4CBF-9F7E-CB1E19FC2BDB}.Release|Any CPU.ActiveCfg = Release|Any CPU
		{43203B5A-DA5C-4CBF-9F7E-CB1E19FC2BDB}.Release|Any CPU.Build.0 = Release|Any CPU
		{0DFAA7CF-7C50-44B7-86CC-814BB3470EEE}.Debug|Any CPU.ActiveCfg = Debug|Any CPU
		{0DFAA7CF-7C50-44B7-86CC-814BB3470EEE}.Debug|Any CPU.Build.0 = Debug|Any CPU
		{0DFAA7CF-7C50-44B7-86CC-814BB3470EEE}.Release|Any CPU.ActiveCfg = Release|Any CPU
		{0DFAA7CF-7C50-44B7-86CC-814BB3470EEE}.Release|Any CPU.Build.0 = Release|Any CPU
		{7420021C-C2BD-449D-836F-6500331FF5E3}.Debug|Any CPU.ActiveCfg = Debug|Any CPU
		{7420021C-C2BD-449D-836F-6500331FF5E3}.Debug|Any CPU.Build.0 = Debug|Any CPU
		{7420021C-C2BD-449D-836F-6500331FF5E3}.Release|Any CPU.ActiveCfg = Release|Any CPU
		{7420021C-C2BD-449D-836F-6500331FF5E3}.Release|Any CPU.Build.0 = Release|Any CPU
		{661E2ECA-F04E-4F55-B917-F7606FCC4ED0}.Debug|Any CPU.ActiveCfg = Debug|Any CPU
		{661E2ECA-F04E-4F55-B917-F7606FCC4ED0}.Debug|Any CPU.Build.0 = Debug|Any CPU
		{661E2ECA-F04E-4F55-B917-F7606FCC4ED0}.Release|Any CPU.ActiveCfg = Release|Any CPU
		{661E2ECA-F04E-4F55-B917-F7606FCC4ED0}.Release|Any CPU.Build.0 = Release|Any CPU
		{C1B51E7B-7BEF-41F1-9236-DB65B236781B}.Debug|Any CPU.ActiveCfg = Debug|Any CPU
		{C1B51E7B-7BEF-41F1-9236-DB65B236781B}.Debug|Any CPU.Build.0 = Debug|Any CPU
		{C1B51E7B-7BEF-41F1-9236-DB65B236781B}.Release|Any CPU.ActiveCfg = Release|Any CPU
		{C1B51E7B-7BEF-41F1-9236-DB65B236781B}.Release|Any CPU.Build.0 = Release|Any CPU
		{3F5BBBFB-08EF-4A1A-9F58-E17FE85F3742}.Debug|Any CPU.ActiveCfg = Debug|Any CPU
		{3F5BBBFB-08EF-4A1A-9F58-E17FE85F3742}.Debug|Any CPU.Build.0 = Debug|Any CPU
		{3F5BBBFB-08EF-4A1A-9F58-E17FE85F3742}.Release|Any CPU.ActiveCfg = Release|Any CPU
		{3F5BBBFB-08EF-4A1A-9F58-E17FE85F3742}.Release|Any CPU.Build.0 = Release|Any CPU
		{7A7FF0D0-1A96-498A-87A5-B79C9E40DEAD}.Debug|Any CPU.ActiveCfg = Debug|Any CPU
		{7A7FF0D0-1A96-498A-87A5-B79C9E40DEAD}.Debug|Any CPU.Build.0 = Debug|Any CPU
		{7A7FF0D0-1A96-498A-87A5-B79C9E40DEAD}.Release|Any CPU.ActiveCfg = Release|Any CPU
		{7A7FF0D0-1A96-498A-87A5-B79C9E40DEAD}.Release|Any CPU.Build.0 = Release|Any CPU
		{729461EF-1A1B-4485-8A77-6EFE4D9D50CB}.Debug|Any CPU.ActiveCfg = Debug|Any CPU
		{729461EF-1A1B-4485-8A77-6EFE4D9D50CB}.Debug|Any CPU.Build.0 = Debug|Any CPU
		{729461EF-1A1B-4485-8A77-6EFE4D9D50CB}.Release|Any CPU.ActiveCfg = Release|Any CPU
		{729461EF-1A1B-4485-8A77-6EFE4D9D50CB}.Release|Any CPU.Build.0 = Release|Any CPU
		{C79733AB-87E5-4CB7-8C94-5AA0C2DE8099}.Debug|Any CPU.ActiveCfg = Debug|Any CPU
		{C79733AB-87E5-4CB7-8C94-5AA0C2DE8099}.Debug|Any CPU.Build.0 = Debug|Any CPU
		{C79733AB-87E5-4CB7-8C94-5AA0C2DE8099}.Release|Any CPU.ActiveCfg = Release|Any CPU
		{C79733AB-87E5-4CB7-8C94-5AA0C2DE8099}.Release|Any CPU.Build.0 = Release|Any CPU
		{7300E664-2D7F-451D-8259-293E4133692E}.Debug|Any CPU.ActiveCfg = Debug|Any CPU
		{7300E664-2D7F-451D-8259-293E4133692E}.Debug|Any CPU.Build.0 = Debug|Any CPU
		{7300E664-2D7F-451D-8259-293E4133692E}.Release|Any CPU.ActiveCfg = Release|Any CPU
		{7300E664-2D7F-451D-8259-293E4133692E}.Release|Any CPU.Build.0 = Release|Any CPU
		{29F1B352-363B-49AA-8BD9-5E6CC979CA03}.Debug|Any CPU.ActiveCfg = Debug|Any CPU
		{29F1B352-363B-49AA-8BD9-5E6CC979CA03}.Debug|Any CPU.Build.0 = Debug|Any CPU
		{29F1B352-363B-49AA-8BD9-5E6CC979CA03}.Release|Any CPU.ActiveCfg = Release|Any CPU
		{29F1B352-363B-49AA-8BD9-5E6CC979CA03}.Release|Any CPU.Build.0 = Release|Any CPU
		{047E7683-C141-4330-A569-34FC60410F2B}.Debug|Any CPU.ActiveCfg = Debug|Any CPU
		{047E7683-C141-4330-A569-34FC60410F2B}.Debug|Any CPU.Build.0 = Debug|Any CPU
		{047E7683-C141-4330-A569-34FC60410F2B}.Release|Any CPU.ActiveCfg = Release|Any CPU
		{047E7683-C141-4330-A569-34FC60410F2B}.Release|Any CPU.Build.0 = Release|Any CPU
		{7FA46D43-B047-4F2D-9B8A-9B485844B552}.Debug|Any CPU.ActiveCfg = Debug|Any CPU
		{7FA46D43-B047-4F2D-9B8A-9B485844B552}.Debug|Any CPU.Build.0 = Debug|Any CPU
		{7FA46D43-B047-4F2D-9B8A-9B485844B552}.Release|Any CPU.ActiveCfg = Release|Any CPU
		{7FA46D43-B047-4F2D-9B8A-9B485844B552}.Release|Any CPU.Build.0 = Release|Any CPU
		{61D23E8A-22DC-4C95-A0FA-03D1B2005557}.Debug|Any CPU.ActiveCfg = Debug|Any CPU
		{61D23E8A-22DC-4C95-A0FA-03D1B2005557}.Debug|Any CPU.Build.0 = Debug|Any CPU
		{61D23E8A-22DC-4C95-A0FA-03D1B2005557}.Release|Any CPU.ActiveCfg = Release|Any CPU
		{61D23E8A-22DC-4C95-A0FA-03D1B2005557}.Release|Any CPU.Build.0 = Release|Any CPU
		{A64472D7-1EF1-402F-8BE0-21766F08494A}.Debug|Any CPU.ActiveCfg = Debug|Any CPU
		{A64472D7-1EF1-402F-8BE0-21766F08494A}.Debug|Any CPU.Build.0 = Debug|Any CPU
		{A64472D7-1EF1-402F-8BE0-21766F08494A}.Release|Any CPU.ActiveCfg = Release|Any CPU
		{A64472D7-1EF1-402F-8BE0-21766F08494A}.Release|Any CPU.Build.0 = Release|Any CPU
		{2C852885-6A2C-433B-97FE-1002335BF16B}.Debug|Any CPU.ActiveCfg = Debug|Any CPU
		{2C852885-6A2C-433B-97FE-1002335BF16B}.Debug|Any CPU.Build.0 = Debug|Any CPU
		{2C852885-6A2C-433B-97FE-1002335BF16B}.Release|Any CPU.ActiveCfg = Release|Any CPU
		{2C852885-6A2C-433B-97FE-1002335BF16B}.Release|Any CPU.Build.0 = Release|Any CPU
		{193A0780-405A-4C44-BFAE-760B09ADFA1D}.Debug|Any CPU.ActiveCfg = Debug|Any CPU
		{193A0780-405A-4C44-BFAE-760B09ADFA1D}.Debug|Any CPU.Build.0 = Debug|Any CPU
		{193A0780-405A-4C44-BFAE-760B09ADFA1D}.Release|Any CPU.ActiveCfg = Release|Any CPU
		{193A0780-405A-4C44-BFAE-760B09ADFA1D}.Release|Any CPU.Build.0 = Release|Any CPU
		{A590D951-1799-46BE-8678-D0C26F78934C}.Debug|Any CPU.ActiveCfg = Debug|Any CPU
		{A590D951-1799-46BE-8678-D0C26F78934C}.Debug|Any CPU.Build.0 = Debug|Any CPU
		{A590D951-1799-46BE-8678-D0C26F78934C}.Release|Any CPU.ActiveCfg = Release|Any CPU
		{A590D951-1799-46BE-8678-D0C26F78934C}.Release|Any CPU.Build.0 = Release|Any CPU
		{245E6BFC-C595-470E-B8C1-CC7C6B9F099C}.Debug|Any CPU.ActiveCfg = Debug|Any CPU
		{245E6BFC-C595-470E-B8C1-CC7C6B9F099C}.Debug|Any CPU.Build.0 = Debug|Any CPU
		{245E6BFC-C595-470E-B8C1-CC7C6B9F099C}.Release|Any CPU.ActiveCfg = Release|Any CPU
		{245E6BFC-C595-470E-B8C1-CC7C6B9F099C}.Release|Any CPU.Build.0 = Release|Any CPU
		{77043735-BEE8-43D7-A9BB-4479F4A8BB0B}.Debug|Any CPU.ActiveCfg = Debug|Any CPU
		{77043735-BEE8-43D7-A9BB-4479F4A8BB0B}.Debug|Any CPU.Build.0 = Debug|Any CPU
		{77043735-BEE8-43D7-A9BB-4479F4A8BB0B}.Release|Any CPU.ActiveCfg = Release|Any CPU
		{77043735-BEE8-43D7-A9BB-4479F4A8BB0B}.Release|Any CPU.Build.0 = Release|Any CPU
		{BD20BDDA-9E23-4B25-97A9-3467AB50B800}.Debug|Any CPU.ActiveCfg = Debug|Any CPU
		{BD20BDDA-9E23-4B25-97A9-3467AB50B800}.Debug|Any CPU.Build.0 = Debug|Any CPU
		{BD20BDDA-9E23-4B25-97A9-3467AB50B800}.Release|Any CPU.ActiveCfg = Release|Any CPU
		{BD20BDDA-9E23-4B25-97A9-3467AB50B800}.Release|Any CPU.Build.0 = Release|Any CPU
		{FA366EDB-9F6A-4DE5-B715-8D4A837B7425}.Debug|Any CPU.ActiveCfg = Debug|Any CPU
		{FA366EDB-9F6A-4DE5-B715-8D4A837B7425}.Debug|Any CPU.Build.0 = Debug|Any CPU
		{FA366EDB-9F6A-4DE5-B715-8D4A837B7425}.Release|Any CPU.ActiveCfg = Release|Any CPU
		{FA366EDB-9F6A-4DE5-B715-8D4A837B7425}.Release|Any CPU.Build.0 = Release|Any CPU
		{3F6A4D2D-FC2C-43DA-BFD9-B7AB8876BECE}.Debug|Any CPU.ActiveCfg = Debug|Any CPU
		{3F6A4D2D-FC2C-43DA-BFD9-B7AB8876BECE}.Debug|Any CPU.Build.0 = Debug|Any CPU
		{3F6A4D2D-FC2C-43DA-BFD9-B7AB8876BECE}.Release|Any CPU.ActiveCfg = Release|Any CPU
		{3F6A4D2D-FC2C-43DA-BFD9-B7AB8876BECE}.Release|Any CPU.Build.0 = Release|Any CPU
		{586E7393-199C-4AAD-B685-D5EE3A188602}.Debug|Any CPU.ActiveCfg = Debug|Any CPU
		{586E7393-199C-4AAD-B685-D5EE3A188602}.Debug|Any CPU.Build.0 = Debug|Any CPU
		{586E7393-199C-4AAD-B685-D5EE3A188602}.Release|Any CPU.ActiveCfg = Release|Any CPU
		{586E7393-199C-4AAD-B685-D5EE3A188602}.Release|Any CPU.Build.0 = Release|Any CPU
		{4670C597-82BB-440A-8DDE-B6954C4C728A}.Debug|Any CPU.ActiveCfg = Debug|Any CPU
		{4670C597-82BB-440A-8DDE-B6954C4C728A}.Debug|Any CPU.Build.0 = Debug|Any CPU
		{4670C597-82BB-440A-8DDE-B6954C4C728A}.Release|Any CPU.ActiveCfg = Release|Any CPU
		{4670C597-82BB-440A-8DDE-B6954C4C728A}.Release|Any CPU.Build.0 = Release|Any CPU
		{97A9D791-94FE-4713-B993-B3A8C83263AF}.Debug|Any CPU.ActiveCfg = Debug|Any CPU
		{97A9D791-94FE-4713-B993-B3A8C83263AF}.Debug|Any CPU.Build.0 = Debug|Any CPU
		{97A9D791-94FE-4713-B993-B3A8C83263AF}.Release|Any CPU.ActiveCfg = Release|Any CPU
		{97A9D791-94FE-4713-B993-B3A8C83263AF}.Release|Any CPU.Build.0 = Release|Any CPU
		{2B6BB075-25BD-4F0A-BF3F-5C3EC9665C65}.Debug|Any CPU.ActiveCfg = Debug|Any CPU
		{2B6BB075-25BD-4F0A-BF3F-5C3EC9665C65}.Debug|Any CPU.Build.0 = Debug|Any CPU
		{2B6BB075-25BD-4F0A-BF3F-5C3EC9665C65}.Release|Any CPU.ActiveCfg = Release|Any CPU
		{2B6BB075-25BD-4F0A-BF3F-5C3EC9665C65}.Release|Any CPU.Build.0 = Release|Any CPU
		{5F688B27-EA6D-4B7F-83FE-4FCCF7E98F70}.Debug|Any CPU.ActiveCfg = Debug|Any CPU
		{5F688B27-EA6D-4B7F-83FE-4FCCF7E98F70}.Debug|Any CPU.Build.0 = Debug|Any CPU
		{5F688B27-EA6D-4B7F-83FE-4FCCF7E98F70}.Release|Any CPU.ActiveCfg = Release|Any CPU
		{5F688B27-EA6D-4B7F-83FE-4FCCF7E98F70}.Release|Any CPU.Build.0 = Release|Any CPU
	EndGlobalSection
	GlobalSection(SolutionProperties) = preSolution
		HideSolutionNode = FALSE
	EndGlobalSection
	GlobalSection(ExtensibilityGlobals) = postSolution
		SolutionGuid = {A26EE808-8E7B-4BEE-B362-21761295B9A1}
	EndGlobalSection
EndGlobal
