
Microsoft Visual Studio Solution File, Format Version 12.00
# Visual Studio Version 17
VisualStudioVersion = 17.2.32630.192
MinimumVisualStudioVersion = 10.0.40219.1
Project("{FAE04EC0-301F-11D3-BF4B-00C04F79EFBC}") = "R5T.F0024", "R5T.F0024\R5T.F0024.csproj", "{081E5A56-66D6-4DA2-8A2B-FA96F63063B6}"
EndProject
Project("{2150E333-8FDC-42A3-9474-1A3956D46DE8}") = "_Dependencies", "_Dependencies", "{9427B931-702E-4EF5-B3ED-9FD6679DBCA4}"
EndProject
Project("{9A19103F-16F7-4668-BE54-9A1E7A4F7556}") = "R5T.F0000", "..\..\R5T.F0000\source\R5T.F0000\R5T.F0000.csproj", "{D0C1414F-E7DF-4600-A1AC-1214C5107F1B}"
EndProject
Project("{9A19103F-16F7-4668-BE54-9A1E7A4F7556}") = "R5T.F0002", "..\..\R5T.F0002\source\R5T.F0002\R5T.F0002.csproj", "{0321BFBC-1CB3-4CC2-9B75-F50FF9E7A898}"
EndProject
Project("{9A19103F-16F7-4668-BE54-9A1E7A4F7556}") = "R5T.F0024.T001", "R5T.F0024.T001\R5T.F0024.T001.csproj", "{5CF42462-EFD5-47A9-9AFA-69A290DAB166}"
EndProject
Project("{9A19103F-16F7-4668-BE54-9A1E7A4F7556}") = "R5T.L0053", "..\..\R5T.L0053\source\R5T.L0053\R5T.L0053.csproj", "{D4DBC24F-0C8C-430B-B38D-6DF7C0E94819}"
EndProject
Project("{9A19103F-16F7-4668-BE54-9A1E7A4F7556}") = "R5T.T0131", "..\..\R5T.T0131\source\R5T.T0131\R5T.T0131.csproj", "{AA822AE3-F7A1-419C-BC92-43F2DC225D05}"
EndProject
Project("{9A19103F-16F7-4668-BE54-9A1E7A4F7556}") = "R5T.T0132", "..\..\R5T.T0132\source\R5T.T0132\R5T.T0132.csproj", "{4B53B548-69B5-497F-A763-C7897EDEBC42}"
EndProject
Project("{9A19103F-16F7-4668-BE54-9A1E7A4F7556}") = "R5T.T0142", "..\..\R5T.T0142\source\R5T.T0142\R5T.T0142.csproj", "{B418A859-BFCF-4727-B745-876AA76FAC9E}"
EndProject
Project("{9A19103F-16F7-4668-BE54-9A1E7A4F7556}") = "R5T.T0143", "..\..\R5T.T0143\source\R5T.T0143\R5T.T0143.csproj", "{C904944C-28A6-4B6A-A149-BBDF0085BDE1}"
EndProject
Project("{9A19103F-16F7-4668-BE54-9A1E7A4F7556}") = "R5T.T0156", "..\..\R5T.T0156\source\R5T.T0156\R5T.T0156.csproj", "{396369E1-9AD4-474A-BC4A-0E5444FE258A}"
EndProject
Project("{9A19103F-16F7-4668-BE54-9A1E7A4F7556}") = "R5T.Y0000", "..\..\R5T.Y0000\source\R5T.Y0000\R5T.Y0000.csproj", "{8CED5483-DB20-4355-A66B-0E40AFE01707}"
EndProject
Project("{9A19103F-16F7-4668-BE54-9A1E7A4F7556}") = "R5T.Z0000", "..\..\R5T.Z0000\source\R5T.Z0000\R5T.Z0000.csproj", "{5AC7D0DA-2C05-432E-AC53-A9736A5E7F66}"
EndProject
Project("{9A19103F-16F7-4668-BE54-9A1E7A4F7556}") = "R5T.Z0009", "..\..\R5T.Z0009\source\R5T.Z0009\R5T.Z0009.csproj", "{FFFDE839-8696-4920-BEC4-79DAF5C494F0}"
EndProject
Project("{9A19103F-16F7-4668-BE54-9A1E7A4F7556}") = "R5T.Z0010.Platform", "..\..\R5T.Z0010\source\R5T.Z0010.Platform\R5T.Z0010.Platform.csproj", "{D18D0B95-1525-4279-A0F1-27799E377026}"
EndProject
Project("{9A19103F-16F7-4668-BE54-9A1E7A4F7556}") = "R5T.L0066", "..\..\R5T.L0066\source\R5T.L0066\R5T.L0066.csproj", "{43AFFD01-382E-49DC-B019-DE041A56A040}"
EndProject
Project("{9A19103F-16F7-4668-BE54-9A1E7A4F7556}") = "R5T.T0221", "..\..\R5T.T0221\source\R5T.T0221\R5T.T0221.csproj", "{188ADC44-70C7-4539-8E3B-1905A35F3CA4}"
EndProject
Project("{9A19103F-16F7-4668-BE54-9A1E7A4F7556}") = "R5T.Y0006", "..\..\R5T.Y0006\source\R5T.Y0006\R5T.Y0006.csproj", "{A1E59D9E-55E3-4A29-A72C-DD671F0A1D35}"
EndProject
Global
	GlobalSection(NestedProjects) = preSolution
		{D0C1414F-E7DF-4600-A1AC-1214C5107F1B} = {9427B931-702E-4EF5-B3ED-9FD6679DBCA4}
		{0321BFBC-1CB3-4CC2-9B75-F50FF9E7A898} = {9427B931-702E-4EF5-B3ED-9FD6679DBCA4}
		{5CF42462-EFD5-47A9-9AFA-69A290DAB166} = {9427B931-702E-4EF5-B3ED-9FD6679DBCA4}
		{D4DBC24F-0C8C-430B-B38D-6DF7C0E94819} = {9427B931-702E-4EF5-B3ED-9FD6679DBCA4}
		{AA822AE3-F7A1-419C-BC92-43F2DC225D05} = {9427B931-702E-4EF5-B3ED-9FD6679DBCA4}
		{4B53B548-69B5-497F-A763-C7897EDEBC42} = {9427B931-702E-4EF5-B3ED-9FD6679DBCA4}
		{B418A859-BFCF-4727-B745-876AA76FAC9E} = {9427B931-702E-4EF5-B3ED-9FD6679DBCA4}
		{C904944C-28A6-4B6A-A149-BBDF0085BDE1} = {9427B931-702E-4EF5-B3ED-9FD6679DBCA4}
		{396369E1-9AD4-474A-BC4A-0E5444FE258A} = {9427B931-702E-4EF5-B3ED-9FD6679DBCA4}
		{8CED5483-DB20-4355-A66B-0E40AFE01707} = {9427B931-702E-4EF5-B3ED-9FD6679DBCA4}
		{5AC7D0DA-2C05-432E-AC53-A9736A5E7F66} = {9427B931-702E-4EF5-B3ED-9FD6679DBCA4}
		{FFFDE839-8696-4920-BEC4-79DAF5C494F0} = {9427B931-702E-4EF5-B3ED-9FD6679DBCA4}
		{D18D0B95-1525-4279-A0F1-27799E377026} = {9427B931-702E-4EF5-B3ED-9FD6679DBCA4}
		{43AFFD01-382E-49DC-B019-DE041A56A040} = {9427B931-702E-4EF5-B3ED-9FD6679DBCA4}
		{188ADC44-70C7-4539-8E3B-1905A35F3CA4} = {9427B931-702E-4EF5-B3ED-9FD6679DBCA4}
		{A1E59D9E-55E3-4A29-A72C-DD671F0A1D35} = {9427B931-702E-4EF5-B3ED-9FD6679DBCA4}
	EndGlobalSection
	GlobalSection(SolutionConfigurationPlatforms) = preSolution
		Debug|Any CPU = Debug|Any CPU
		Release|Any CPU = Release|Any CPU
	EndGlobalSection
	GlobalSection(ProjectConfigurationPlatforms) = postSolution
		{081E5A56-66D6-4DA2-8A2B-FA96F63063B6}.Debug|Any CPU.ActiveCfg = Debug|Any CPU
		{081E5A56-66D6-4DA2-8A2B-FA96F63063B6}.Debug|Any CPU.Build.0 = Debug|Any CPU
		{081E5A56-66D6-4DA2-8A2B-FA96F63063B6}.Release|Any CPU.ActiveCfg = Release|Any CPU
		{081E5A56-66D6-4DA2-8A2B-FA96F63063B6}.Release|Any CPU.Build.0 = Release|Any CPU
		{D0C1414F-E7DF-4600-A1AC-1214C5107F1B}.Debug|Any CPU.ActiveCfg = Debug|Any CPU
		{D0C1414F-E7DF-4600-A1AC-1214C5107F1B}.Debug|Any CPU.Build.0 = Debug|Any CPU
		{D0C1414F-E7DF-4600-A1AC-1214C5107F1B}.Release|Any CPU.ActiveCfg = Release|Any CPU
		{D0C1414F-E7DF-4600-A1AC-1214C5107F1B}.Release|Any CPU.Build.0 = Release|Any CPU
		{0321BFBC-1CB3-4CC2-9B75-F50FF9E7A898}.Debug|Any CPU.ActiveCfg = Debug|Any CPU
		{0321BFBC-1CB3-4CC2-9B75-F50FF9E7A898}.Debug|Any CPU.Build.0 = Debug|Any CPU
		{0321BFBC-1CB3-4CC2-9B75-F50FF9E7A898}.Release|Any CPU.ActiveCfg = Release|Any CPU
		{0321BFBC-1CB3-4CC2-9B75-F50FF9E7A898}.Release|Any CPU.Build.0 = Release|Any CPU
		{5CF42462-EFD5-47A9-9AFA-69A290DAB166}.Debug|Any CPU.ActiveCfg = Debug|Any CPU
		{5CF42462-EFD5-47A9-9AFA-69A290DAB166}.Debug|Any CPU.Build.0 = Debug|Any CPU
		{5CF42462-EFD5-47A9-9AFA-69A290DAB166}.Release|Any CPU.ActiveCfg = Release|Any CPU
		{5CF42462-EFD5-47A9-9AFA-69A290DAB166}.Release|Any CPU.Build.0 = Release|Any CPU
		{D4DBC24F-0C8C-430B-B38D-6DF7C0E94819}.Debug|Any CPU.ActiveCfg = Debug|Any CPU
		{D4DBC24F-0C8C-430B-B38D-6DF7C0E94819}.Debug|Any CPU.Build.0 = Debug|Any CPU
		{D4DBC24F-0C8C-430B-B38D-6DF7C0E94819}.Release|Any CPU.ActiveCfg = Release|Any CPU
		{D4DBC24F-0C8C-430B-B38D-6DF7C0E94819}.Release|Any CPU.Build.0 = Release|Any CPU
		{AA822AE3-F7A1-419C-BC92-43F2DC225D05}.Debug|Any CPU.ActiveCfg = Debug|Any CPU
		{AA822AE3-F7A1-419C-BC92-43F2DC225D05}.Debug|Any CPU.Build.0 = Debug|Any CPU
		{AA822AE3-F7A1-419C-BC92-43F2DC225D05}.Release|Any CPU.ActiveCfg = Release|Any CPU
		{AA822AE3-F7A1-419C-BC92-43F2DC225D05}.Release|Any CPU.Build.0 = Release|Any CPU
		{4B53B548-69B5-497F-A763-C7897EDEBC42}.Debug|Any CPU.ActiveCfg = Debug|Any CPU
		{4B53B548-69B5-497F-A763-C7897EDEBC42}.Debug|Any CPU.Build.0 = Debug|Any CPU
		{4B53B548-69B5-497F-A763-C7897EDEBC42}.Release|Any CPU.ActiveCfg = Release|Any CPU
		{4B53B548-69B5-497F-A763-C7897EDEBC42}.Release|Any CPU.Build.0 = Release|Any CPU
		{B418A859-BFCF-4727-B745-876AA76FAC9E}.Debug|Any CPU.ActiveCfg = Debug|Any CPU
		{B418A859-BFCF-4727-B745-876AA76FAC9E}.Debug|Any CPU.Build.0 = Debug|Any CPU
		{B418A859-BFCF-4727-B745-876AA76FAC9E}.Release|Any CPU.ActiveCfg = Release|Any CPU
		{B418A859-BFCF-4727-B745-876AA76FAC9E}.Release|Any CPU.Build.0 = Release|Any CPU
		{C904944C-28A6-4B6A-A149-BBDF0085BDE1}.Debug|Any CPU.ActiveCfg = Debug|Any CPU
		{C904944C-28A6-4B6A-A149-BBDF0085BDE1}.Debug|Any CPU.Build.0 = Debug|Any CPU
		{C904944C-28A6-4B6A-A149-BBDF0085BDE1}.Release|Any CPU.ActiveCfg = Release|Any CPU
		{C904944C-28A6-4B6A-A149-BBDF0085BDE1}.Release|Any CPU.Build.0 = Release|Any CPU
		{396369E1-9AD4-474A-BC4A-0E5444FE258A}.Debug|Any CPU.ActiveCfg = Debug|Any CPU
		{396369E1-9AD4-474A-BC4A-0E5444FE258A}.Debug|Any CPU.Build.0 = Debug|Any CPU
		{396369E1-9AD4-474A-BC4A-0E5444FE258A}.Release|Any CPU.ActiveCfg = Release|Any CPU
		{396369E1-9AD4-474A-BC4A-0E5444FE258A}.Release|Any CPU.Build.0 = Release|Any CPU
		{8CED5483-DB20-4355-A66B-0E40AFE01707}.Debug|Any CPU.ActiveCfg = Debug|Any CPU
		{8CED5483-DB20-4355-A66B-0E40AFE01707}.Debug|Any CPU.Build.0 = Debug|Any CPU
		{8CED5483-DB20-4355-A66B-0E40AFE01707}.Release|Any CPU.ActiveCfg = Release|Any CPU
		{8CED5483-DB20-4355-A66B-0E40AFE01707}.Release|Any CPU.Build.0 = Release|Any CPU
		{5AC7D0DA-2C05-432E-AC53-A9736A5E7F66}.Debug|Any CPU.ActiveCfg = Debug|Any CPU
		{5AC7D0DA-2C05-432E-AC53-A9736A5E7F66}.Debug|Any CPU.Build.0 = Debug|Any CPU
		{5AC7D0DA-2C05-432E-AC53-A9736A5E7F66}.Release|Any CPU.ActiveCfg = Release|Any CPU
		{5AC7D0DA-2C05-432E-AC53-A9736A5E7F66}.Release|Any CPU.Build.0 = Release|Any CPU
		{FFFDE839-8696-4920-BEC4-79DAF5C494F0}.Debug|Any CPU.ActiveCfg = Debug|Any CPU
		{FFFDE839-8696-4920-BEC4-79DAF5C494F0}.Debug|Any CPU.Build.0 = Debug|Any CPU
		{FFFDE839-8696-4920-BEC4-79DAF5C494F0}.Release|Any CPU.ActiveCfg = Release|Any CPU
		{FFFDE839-8696-4920-BEC4-79DAF5C494F0}.Release|Any CPU.Build.0 = Release|Any CPU
		{D18D0B95-1525-4279-A0F1-27799E377026}.Debug|Any CPU.ActiveCfg = Debug|Any CPU
		{D18D0B95-1525-4279-A0F1-27799E377026}.Debug|Any CPU.Build.0 = Debug|Any CPU
		{D18D0B95-1525-4279-A0F1-27799E377026}.Release|Any CPU.ActiveCfg = Release|Any CPU
		{D18D0B95-1525-4279-A0F1-27799E377026}.Release|Any CPU.Build.0 = Release|Any CPU
		{43AFFD01-382E-49DC-B019-DE041A56A040}.Debug|Any CPU.ActiveCfg = Debug|Any CPU
		{43AFFD01-382E-49DC-B019-DE041A56A040}.Debug|Any CPU.Build.0 = Debug|Any CPU
		{43AFFD01-382E-49DC-B019-DE041A56A040}.Release|Any CPU.ActiveCfg = Release|Any CPU
		{43AFFD01-382E-49DC-B019-DE041A56A040}.Release|Any CPU.Build.0 = Release|Any CPU
		{188ADC44-70C7-4539-8E3B-1905A35F3CA4}.Debug|Any CPU.ActiveCfg = Debug|Any CPU
		{188ADC44-70C7-4539-8E3B-1905A35F3CA4}.Debug|Any CPU.Build.0 = Debug|Any CPU
		{188ADC44-70C7-4539-8E3B-1905A35F3CA4}.Release|Any CPU.ActiveCfg = Release|Any CPU
		{188ADC44-70C7-4539-8E3B-1905A35F3CA4}.Release|Any CPU.Build.0 = Release|Any CPU
		{A1E59D9E-55E3-4A29-A72C-DD671F0A1D35}.Debug|Any CPU.ActiveCfg = Debug|Any CPU
		{A1E59D9E-55E3-4A29-A72C-DD671F0A1D35}.Debug|Any CPU.Build.0 = Debug|Any CPU
		{A1E59D9E-55E3-4A29-A72C-DD671F0A1D35}.Release|Any CPU.ActiveCfg = Release|Any CPU
		{A1E59D9E-55E3-4A29-A72C-DD671F0A1D35}.Release|Any CPU.Build.0 = Release|Any CPU
	EndGlobalSection
	GlobalSection(SolutionProperties) = preSolution
		HideSolutionNode = FALSE
	EndGlobalSection
EndGlobal
